// !$*UTF8*$!
{
	archiveVersion = 1;
	classes = {
	};
	objectVersion = 46;
	objects = {

/* Begin PBXBuildFile section */
		8B6B78FC1D74F04D00AA02E8 /* ADAL.framework in Frameworks */ = {isa = PBXBuildFile; fileRef = 8B6B78F91D74F04700AA02E8 /* ADAL.framework */; };
		8B6B78FD1D74F04D00AA02E8 /* ADAL.framework in Embed Frameworks */ = {isa = PBXBuildFile; fileRef = 8B6B78F91D74F04700AA02E8 /* ADAL.framework */; settings = {ATTRIBUTES = (CodeSignOnCopy, RemoveHeadersOnCopy, ); }; };
		8BD92EE218C93BE70026A014 /* Cocoa.framework in Frameworks */ = {isa = PBXBuildFile; fileRef = 8BD92EE118C93BE70026A014 /* Cocoa.framework */; };
		8BD92EEC18C93BE70026A014 /* InfoPlist.strings in Resources */ = {isa = PBXBuildFile; fileRef = 8BD92EEA18C93BE70026A014 /* InfoPlist.strings */; };
		8BD92EEE18C93BE70026A014 /* main.m in Sources */ = {isa = PBXBuildFile; fileRef = 8BD92EED18C93BE70026A014 /* main.m */; };
		8BD92EF218C93BE70026A014 /* Credits.rtf in Resources */ = {isa = PBXBuildFile; fileRef = 8BD92EF018C93BE70026A014 /* Credits.rtf */; };
		8BD92EF518C93BE70026A014 /* ADTestAppDelegate.m in Sources */ = {isa = PBXBuildFile; fileRef = 8BD92EF418C93BE70026A014 /* ADTestAppDelegate.m */; };
		8BD92EF818C93BE70026A014 /* MainMenu.xib in Resources */ = {isa = PBXBuildFile; fileRef = 8BD92EF618C93BE70026A014 /* MainMenu.xib */; };
		8BD92EFB18C93BE70026A014 /* MyTestMacOSApp.xcdatamodeld in Sources */ = {isa = PBXBuildFile; fileRef = 8BD92EF918C93BE70026A014 /* MyTestMacOSApp.xcdatamodeld */; };
		8BD92EFD18C93BE70026A014 /* Images.xcassets in Resources */ = {isa = PBXBuildFile; fileRef = 8BD92EFC18C93BE70026A014 /* Images.xcassets */; };
		8BD92F0418C93BE70026A014 /* XCTest.framework in Frameworks */ = {isa = PBXBuildFile; fileRef = 8BD92F0318C93BE70026A014 /* XCTest.framework */; };
		8BD92F0518C93BE70026A014 /* Cocoa.framework in Frameworks */ = {isa = PBXBuildFile; fileRef = 8BD92EE118C93BE70026A014 /* Cocoa.framework */; };
		8BD92F0D18C93BE70026A014 /* InfoPlist.strings in Resources */ = {isa = PBXBuildFile; fileRef = 8BD92F0B18C93BE70026A014 /* InfoPlist.strings */; };
		94DD18C51C59FE9700F80C62 /* ADTestAppSettings.m in Sources */ = {isa = PBXBuildFile; fileRef = 94DD18C21C59FE9700F80C62 /* ADTestAppSettings.m */; };
		94DD18C61C59FE9700F80C62 /* ADTestInstance.m in Sources */ = {isa = PBXBuildFile; fileRef = 94DD18C41C59FE9700F80C62 /* ADTestInstance.m */; };
		94DD18DC1C5ACF1900F80C62 /* TestData.plist in Resources */ = {isa = PBXBuildFile; fileRef = 94DD18DB1C5ACF1900F80C62 /* TestData.plist */; };
/* End PBXBuildFile section */

/* Begin PBXContainerItemProxy section */
		8B6B78F01D74F04700AA02E8 /* PBXContainerItemProxy */ = {
			isa = PBXContainerItemProxy;
			containerPortal = 8B6B78E61D74F04700AA02E8 /* ADAL.xcodeproj */;
			proxyType = 2;
			remoteGlobalIDString = 8B0965AA17F25770002BDFB8;
			remoteInfo = ADALiOS;
		};
		8B6B78F21D74F04700AA02E8 /* PBXContainerItemProxy */ = {
			isa = PBXContainerItemProxy;
			containerPortal = 8B6B78E61D74F04700AA02E8 /* ADAL.xcodeproj */;
			proxyType = 2;
			remoteGlobalIDString = D664F1B41D302B9C0017B799;
			remoteInfo = "ADAL-core";
		};
		8B6B78F41D74F04700AA02E8 /* PBXContainerItemProxy */ = {
			isa = PBXContainerItemProxy;
			containerPortal = 8B6B78E61D74F04700AA02E8 /* ADAL.xcodeproj */;
			proxyType = 2;
			remoteGlobalIDString = 9453C3CC1C583E07006B9E79;
			remoteInfo = ADAL;
		};
		8B6B78F61D74F04700AA02E8 /* PBXContainerItemProxy */ = {
			isa = PBXContainerItemProxy;
			containerPortal = 8B6B78E61D74F04700AA02E8 /* ADAL.xcodeproj */;
			proxyType = 2;
			remoteGlobalIDString = 8B0965BA17F25770002BDFB8;
			remoteInfo = ADALiOSTests;
		};
		8B6B78F81D74F04700AA02E8 /* PBXContainerItemProxy */ = {
			isa = PBXContainerItemProxy;
			containerPortal = 8B6B78E61D74F04700AA02E8 /* ADAL.xcodeproj */;
			proxyType = 2;
			remoteGlobalIDString = 9453C3FD1C586425006B9E79;
			remoteInfo = "ADAL Mac";
		};
		8B6B78FA1D74F04700AA02E8 /* PBXContainerItemProxy */ = {
			isa = PBXContainerItemProxy;
			containerPortal = 8B6B78E61D74F04700AA02E8 /* ADAL.xcodeproj */;
			proxyType = 2;
			remoteGlobalIDString = 94DD18E11C5ACFBF00F80C62;
			remoteInfo = "ADAL Mac Tests";
		};
		8B6B78FE1D74F04D00AA02E8 /* PBXContainerItemProxy */ = {
			isa = PBXContainerItemProxy;
			containerPortal = 8B6B78E61D74F04700AA02E8 /* ADAL.xcodeproj */;
			proxyType = 1;
			remoteGlobalIDString = 9453C3FC1C586425006B9E79;
			remoteInfo = "ADAL Mac";
		};
		8BD92F0618C93BE70026A014 /* PBXContainerItemProxy */ = {
			isa = PBXContainerItemProxy;
			containerPortal = 8BD92ED618C93BE70026A014 /* Project object */;
			proxyType = 1;
			remoteGlobalIDString = 8BD92EDD18C93BE70026A014;
			remoteInfo = MyTestMacOSApp;
		};
/* End PBXContainerItemProxy section */

/* Begin PBXCopyFilesBuildPhase section */
		8B6B79001D74F04D00AA02E8 /* Embed Frameworks */ = {
			isa = PBXCopyFilesBuildPhase;
			buildActionMask = 2147483647;
			dstPath = "";
			dstSubfolderSpec = 10;
			files = (
				8B6B78FD1D74F04D00AA02E8 /* ADAL.framework in Embed Frameworks */,
			);
			name = "Embed Frameworks";
			runOnlyForDeploymentPostprocessing = 0;
		};
/* End PBXCopyFilesBuildPhase section */

/* Begin PBXFileReference section */
		8B6B78E61D74F04700AA02E8 /* ADAL.xcodeproj */ = {isa = PBXFileReference; lastKnownFileType = "wrapper.pb-project"; name = ADAL.xcodeproj; path = ../../ADAL/ADAL.xcodeproj; sourceTree = "<group>"; };
		8BD92EDE18C93BE70026A014 /* MyTestMacOSApp.app */ = {isa = PBXFileReference; explicitFileType = wrapper.application; includeInIndex = 0; path = MyTestMacOSApp.app; sourceTree = BUILT_PRODUCTS_DIR; };
		8BD92EE118C93BE70026A014 /* Cocoa.framework */ = {isa = PBXFileReference; lastKnownFileType = wrapper.framework; name = Cocoa.framework; path = System/Library/Frameworks/Cocoa.framework; sourceTree = SDKROOT; };
		8BD92EE418C93BE70026A014 /* AppKit.framework */ = {isa = PBXFileReference; lastKnownFileType = wrapper.framework; name = AppKit.framework; path = System/Library/Frameworks/AppKit.framework; sourceTree = SDKROOT; };
		8BD92EE518C93BE70026A014 /* CoreData.framework */ = {isa = PBXFileReference; lastKnownFileType = wrapper.framework; name = CoreData.framework; path = System/Library/Frameworks/CoreData.framework; sourceTree = SDKROOT; };
		8BD92EE618C93BE70026A014 /* Foundation.framework */ = {isa = PBXFileReference; lastKnownFileType = wrapper.framework; name = Foundation.framework; path = System/Library/Frameworks/Foundation.framework; sourceTree = SDKROOT; };
		8BD92EE918C93BE70026A014 /* MyTestMacOSApp-Info.plist */ = {isa = PBXFileReference; lastKnownFileType = text.plist.xml; path = "MyTestMacOSApp-Info.plist"; sourceTree = "<group>"; };
		8BD92EEB18C93BE70026A014 /* en */ = {isa = PBXFileReference; lastKnownFileType = text.plist.strings; name = en; path = en.lproj/InfoPlist.strings; sourceTree = "<group>"; };
		8BD92EED18C93BE70026A014 /* main.m */ = {isa = PBXFileReference; lastKnownFileType = sourcecode.c.objc; path = main.m; sourceTree = "<group>"; };
		8BD92EEF18C93BE70026A014 /* MyTestMacOSApp-Prefix.pch */ = {isa = PBXFileReference; lastKnownFileType = sourcecode.c.h; path = "MyTestMacOSApp-Prefix.pch"; sourceTree = "<group>"; };
		8BD92EF118C93BE70026A014 /* en */ = {isa = PBXFileReference; lastKnownFileType = text.rtf; name = en; path = en.lproj/Credits.rtf; sourceTree = "<group>"; };
		8BD92EF318C93BE70026A014 /* ADTestAppDelegate.h */ = {isa = PBXFileReference; lastKnownFileType = sourcecode.c.h; path = ADTestAppDelegate.h; sourceTree = "<group>"; };
		8BD92EF418C93BE70026A014 /* ADTestAppDelegate.m */ = {isa = PBXFileReference; lastKnownFileType = sourcecode.c.objc; path = ADTestAppDelegate.m; sourceTree = "<group>"; };
		8BD92EF718C93BE70026A014 /* Base */ = {isa = PBXFileReference; lastKnownFileType = file.xib; name = Base; path = Base.lproj/MainMenu.xib; sourceTree = "<group>"; };
		8BD92EFA18C93BE70026A014 /* MyTestMacOSApp.xcdatamodel */ = {isa = PBXFileReference; lastKnownFileType = wrapper.xcdatamodel; path = MyTestMacOSApp.xcdatamodel; sourceTree = "<group>"; };
		8BD92EFC18C93BE70026A014 /* Images.xcassets */ = {isa = PBXFileReference; lastKnownFileType = folder.assetcatalog; path = Images.xcassets; sourceTree = "<group>"; };
		8BD92F0218C93BE70026A014 /* MyTestMacOSAppTests.xctest */ = {isa = PBXFileReference; explicitFileType = wrapper.cfbundle; includeInIndex = 0; path = MyTestMacOSAppTests.xctest; sourceTree = BUILT_PRODUCTS_DIR; };
		8BD92F0318C93BE70026A014 /* XCTest.framework */ = {isa = PBXFileReference; lastKnownFileType = wrapper.framework; name = XCTest.framework; path = Library/Frameworks/XCTest.framework; sourceTree = DEVELOPER_DIR; };
		8BD92F0A18C93BE70026A014 /* MyTestMacOSAppTests-Info.plist */ = {isa = PBXFileReference; lastKnownFileType = text.plist.xml; path = "MyTestMacOSAppTests-Info.plist"; sourceTree = "<group>"; };
		8BD92F0C18C93BE70026A014 /* en */ = {isa = PBXFileReference; lastKnownFileType = text.plist.strings; name = en; path = en.lproj/InfoPlist.strings; sourceTree = "<group>"; };
		94DD18C11C59FE9700F80C62 /* ADTestAppSettings.h */ = {isa = PBXFileReference; fileEncoding = 4; lastKnownFileType = sourcecode.c.h; path = ADTestAppSettings.h; sourceTree = "<group>"; };
		94DD18C21C59FE9700F80C62 /* ADTestAppSettings.m */ = {isa = PBXFileReference; fileEncoding = 4; lastKnownFileType = sourcecode.c.objc; path = ADTestAppSettings.m; sourceTree = "<group>"; };
		94DD18C31C59FE9700F80C62 /* ADTestInstance.h */ = {isa = PBXFileReference; fileEncoding = 4; lastKnownFileType = sourcecode.c.h; path = ADTestInstance.h; sourceTree = "<group>"; };
		94DD18C41C59FE9700F80C62 /* ADTestInstance.m */ = {isa = PBXFileReference; fileEncoding = 4; lastKnownFileType = sourcecode.c.objc; path = ADTestInstance.m; sourceTree = "<group>"; };
		94DD18DB1C5ACF1900F80C62 /* TestData.plist */ = {isa = PBXFileReference; fileEncoding = 4; lastKnownFileType = text.plist.xml; path = TestData.plist; sourceTree = "<group>"; };
		9722233519A813BB00092E85 /* MyTestMacOSApp.entitlements */ = {isa = PBXFileReference; lastKnownFileType = text.xml; path = MyTestMacOSApp.entitlements; sourceTree = "<group>"; };
/* End PBXFileReference section */

/* Begin PBXFrameworksBuildPhase section */
		8BD92EDB18C93BE70026A014 /* Frameworks */ = {
			isa = PBXFrameworksBuildPhase;
			buildActionMask = 2147483647;
			files = (
				8B6B78FC1D74F04D00AA02E8 /* ADAL.framework in Frameworks */,
				8BD92EE218C93BE70026A014 /* Cocoa.framework in Frameworks */,
			);
			runOnlyForDeploymentPostprocessing = 0;
		};
		8BD92EFF18C93BE70026A014 /* Frameworks */ = {
			isa = PBXFrameworksBuildPhase;
			buildActionMask = 2147483647;
			files = (
				8BD92F0518C93BE70026A014 /* Cocoa.framework in Frameworks */,
				8BD92F0418C93BE70026A014 /* XCTest.framework in Frameworks */,
			);
			runOnlyForDeploymentPostprocessing = 0;
		};
/* End PBXFrameworksBuildPhase section */

/* Begin PBXGroup section */
		8B6B78E71D74F04700AA02E8 /* Products */ = {
			isa = PBXGroup;
			children = (
				8B6B78F11D74F04700AA02E8 /* libADALiOS.a */,
				8B6B78F31D74F04700AA02E8 /* libADAL-core.a */,
				8B6B78F51D74F04700AA02E8 /* ADAL.framework */,
				8B6B78F71D74F04700AA02E8 /* ADALiOSTests.xctest */,
				8B6B78F91D74F04700AA02E8 /* ADAL.framework */,
				8B6B78FB1D74F04700AA02E8 /* ADAL Mac Tests.xctest */,
			);
			name = Products;
			sourceTree = "<group>";
		};
		8BD92ED518C93BE70026A014 = {
			isa = PBXGroup;
			children = (
				8B6B78E61D74F04700AA02E8 /* ADAL.xcodeproj */,
				8BD92EE718C93BE70026A014 /* MyTestMacOSApp */,
				8BD92F0818C93BE70026A014 /* MyTestMacOSAppTests */,
				8BD92EE018C93BE70026A014 /* Frameworks */,
				8BD92EDF18C93BE70026A014 /* Products */,
			);
			sourceTree = "<group>";
		};
		8BD92EDF18C93BE70026A014 /* Products */ = {
			isa = PBXGroup;
			children = (
				8BD92EDE18C93BE70026A014 /* MyTestMacOSApp.app */,
				8BD92F0218C93BE70026A014 /* MyTestMacOSAppTests.xctest */,
			);
			name = Products;
			sourceTree = "<group>";
		};
		8BD92EE018C93BE70026A014 /* Frameworks */ = {
			isa = PBXGroup;
			children = (
				8BD92EE118C93BE70026A014 /* Cocoa.framework */,
				8BD92F0318C93BE70026A014 /* XCTest.framework */,
				8BD92EE318C93BE70026A014 /* Other Frameworks */,
			);
			name = Frameworks;
			sourceTree = "<group>";
		};
		8BD92EE318C93BE70026A014 /* Other Frameworks */ = {
			isa = PBXGroup;
			children = (
				8BD92EE418C93BE70026A014 /* AppKit.framework */,
				8BD92EE518C93BE70026A014 /* CoreData.framework */,
				8BD92EE618C93BE70026A014 /* Foundation.framework */,
			);
			name = "Other Frameworks";
			sourceTree = "<group>";
		};
		8BD92EE718C93BE70026A014 /* MyTestMacOSApp */ = {
			isa = PBXGroup;
			children = (
				9722233519A813BB00092E85 /* MyTestMacOSApp.entitlements */,
				94DD18C11C59FE9700F80C62 /* ADTestAppSettings.h */,
				94DD18C21C59FE9700F80C62 /* ADTestAppSettings.m */,
				94DD18C31C59FE9700F80C62 /* ADTestInstance.h */,
				94DD18C41C59FE9700F80C62 /* ADTestInstance.m */,
				8BD92EF318C93BE70026A014 /* ADTestAppDelegate.h */,
				8BD92EF418C93BE70026A014 /* ADTestAppDelegate.m */,
				8BD92EF618C93BE70026A014 /* MainMenu.xib */,
				8BD92EFC18C93BE70026A014 /* Images.xcassets */,
				8BD92EF918C93BE70026A014 /* MyTestMacOSApp.xcdatamodeld */,
				8BD92EE818C93BE70026A014 /* Supporting Files */,
			);
			path = MyTestMacOSApp;
			sourceTree = "<group>";
		};
		8BD92EE818C93BE70026A014 /* Supporting Files */ = {
			isa = PBXGroup;
			children = (
				94DD18DB1C5ACF1900F80C62 /* TestData.plist */,
				8BD92EE918C93BE70026A014 /* MyTestMacOSApp-Info.plist */,
				8BD92EEA18C93BE70026A014 /* InfoPlist.strings */,
				8BD92EED18C93BE70026A014 /* main.m */,
				8BD92EEF18C93BE70026A014 /* MyTestMacOSApp-Prefix.pch */,
				8BD92EF018C93BE70026A014 /* Credits.rtf */,
			);
			name = "Supporting Files";
			sourceTree = "<group>";
		};
		8BD92F0818C93BE70026A014 /* MyTestMacOSAppTests */ = {
			isa = PBXGroup;
			children = (
				8BD92F0918C93BE70026A014 /* Supporting Files */,
			);
			path = MyTestMacOSAppTests;
			sourceTree = "<group>";
		};
		8BD92F0918C93BE70026A014 /* Supporting Files */ = {
			isa = PBXGroup;
			children = (
				8BD92F0A18C93BE70026A014 /* MyTestMacOSAppTests-Info.plist */,
				8BD92F0B18C93BE70026A014 /* InfoPlist.strings */,
			);
			name = "Supporting Files";
			sourceTree = "<group>";
		};
/* End PBXGroup section */

/* Begin PBXNativeTarget section */
		8BD92EDD18C93BE70026A014 /* MyTestMacOSApp */ = {
			isa = PBXNativeTarget;
			buildConfigurationList = 8BD92F1218C93BE70026A014 /* Build configuration list for PBXNativeTarget "MyTestMacOSApp" */;
			buildPhases = (
				8BD92EDA18C93BE70026A014 /* Sources */,
				8BD92EDB18C93BE70026A014 /* Frameworks */,
				8BD92EDC18C93BE70026A014 /* Resources */,
				8B6B79001D74F04D00AA02E8 /* Embed Frameworks */,
			);
			buildRules = (
			);
			dependencies = (
				8B6B78FF1D74F04D00AA02E8 /* PBXTargetDependency */,
			);
			name = MyTestMacOSApp;
			productName = MyTestMacOSApp;
			productReference = 8BD92EDE18C93BE70026A014 /* MyTestMacOSApp.app */;
			productType = "com.apple.product-type.application";
		};
		8BD92F0118C93BE70026A014 /* MyTestMacOSAppTests */ = {
			isa = PBXNativeTarget;
			buildConfigurationList = 8BD92F1518C93BE70026A014 /* Build configuration list for PBXNativeTarget "MyTestMacOSAppTests" */;
			buildPhases = (
				8BD92EFE18C93BE70026A014 /* Sources */,
				8BD92EFF18C93BE70026A014 /* Frameworks */,
				8BD92F0018C93BE70026A014 /* Resources */,
			);
			buildRules = (
			);
			dependencies = (
				8BD92F0718C93BE70026A014 /* PBXTargetDependency */,
			);
			name = MyTestMacOSAppTests;
			productName = MyTestMacOSAppTests;
			productReference = 8BD92F0218C93BE70026A014 /* MyTestMacOSAppTests.xctest */;
			productType = "com.apple.product-type.bundle.unit-test";
		};
/* End PBXNativeTarget section */

/* Begin PBXProject section */
		8BD92ED618C93BE70026A014 /* Project object */ = {
			isa = PBXProject;
			attributes = {
				CLASSPREFIX = BV;
				LastUpgradeCheck = 0500;
				ORGANIZATIONNAME = "Microsoft Open Technologies, Inc";
				TargetAttributes = {
					8BD92EDD18C93BE70026A014 = {
						DevelopmentTeam = 4XAC8VP2M2;
						SystemCapabilities = {
							com.apple.Keychain = {
								enabled = 1;
							};
						};
					};
					8BD92F0118C93BE70026A014 = {
						TestTargetID = 8BD92EDD18C93BE70026A014;
					};
				};
			};
			buildConfigurationList = 8BD92ED918C93BE70026A014 /* Build configuration list for PBXProject "MyTestMacOSApp" */;
			compatibilityVersion = "Xcode 3.2";
			developmentRegion = English;
			hasScannedForEncodings = 0;
			knownRegions = (
				en,
				Base,
			);
			mainGroup = 8BD92ED518C93BE70026A014;
			productRefGroup = 8BD92EDF18C93BE70026A014 /* Products */;
			projectDirPath = "";
			projectReferences = (
				{
					ProductGroup = 8B6B78E71D74F04700AA02E8 /* Products */;
					ProjectRef = 8B6B78E61D74F04700AA02E8 /* ADAL.xcodeproj */;
				},
			);
			projectRoot = "";
			targets = (
				8BD92EDD18C93BE70026A014 /* MyTestMacOSApp */,
				8BD92F0118C93BE70026A014 /* MyTestMacOSAppTests */,
			);
		};
/* End PBXProject section */

/* Begin PBXReferenceProxy section */
		8B6B78F11D74F04700AA02E8 /* libADALiOS.a */ = {
			isa = PBXReferenceProxy;
			fileType = archive.ar;
			path = libADALiOS.a;
			remoteRef = 8B6B78F01D74F04700AA02E8 /* PBXContainerItemProxy */;
			sourceTree = BUILT_PRODUCTS_DIR;
		};
		8B6B78F31D74F04700AA02E8 /* libADAL-core.a */ = {
			isa = PBXReferenceProxy;
			fileType = archive.ar;
			path = "libADAL-core.a";
			remoteRef = 8B6B78F21D74F04700AA02E8 /* PBXContainerItemProxy */;
			sourceTree = BUILT_PRODUCTS_DIR;
		};
		8B6B78F51D74F04700AA02E8 /* ADAL.framework */ = {
			isa = PBXReferenceProxy;
			fileType = wrapper.framework;
			path = ADAL.framework;
			remoteRef = 8B6B78F41D74F04700AA02E8 /* PBXContainerItemProxy */;
			sourceTree = BUILT_PRODUCTS_DIR;
		};
		8B6B78F71D74F04700AA02E8 /* ADALiOSTests.xctest */ = {
			isa = PBXReferenceProxy;
			fileType = wrapper.cfbundle;
			path = ADALiOSTests.xctest;
			remoteRef = 8B6B78F61D74F04700AA02E8 /* PBXContainerItemProxy */;
			sourceTree = BUILT_PRODUCTS_DIR;
		};
		8B6B78F91D74F04700AA02E8 /* ADAL.framework */ = {
			isa = PBXReferenceProxy;
			fileType = wrapper.framework;
			path = ADAL.framework;
			remoteRef = 8B6B78F81D74F04700AA02E8 /* PBXContainerItemProxy */;
			sourceTree = BUILT_PRODUCTS_DIR;
		};
		8B6B78FB1D74F04700AA02E8 /* ADAL Mac Tests.xctest */ = {
			isa = PBXReferenceProxy;
			fileType = wrapper.cfbundle;
			path = "ADAL Mac Tests.xctest";
			remoteRef = 8B6B78FA1D74F04700AA02E8 /* PBXContainerItemProxy */;
			sourceTree = BUILT_PRODUCTS_DIR;
		};
/* End PBXReferenceProxy section */

/* Begin PBXResourcesBuildPhase section */
		8BD92EDC18C93BE70026A014 /* Resources */ = {
			isa = PBXResourcesBuildPhase;
			buildActionMask = 2147483647;
			files = (
				8BD92EEC18C93BE70026A014 /* InfoPlist.strings in Resources */,
				8BD92EFD18C93BE70026A014 /* Images.xcassets in Resources */,
				8BD92EF218C93BE70026A014 /* Credits.rtf in Resources */,
				94DD18DC1C5ACF1900F80C62 /* TestData.plist in Resources */,
				8BD92EF818C93BE70026A014 /* MainMenu.xib in Resources */,
			);
			runOnlyForDeploymentPostprocessing = 0;
		};
		8BD92F0018C93BE70026A014 /* Resources */ = {
			isa = PBXResourcesBuildPhase;
			buildActionMask = 2147483647;
			files = (
				8BD92F0D18C93BE70026A014 /* InfoPlist.strings in Resources */,
			);
			runOnlyForDeploymentPostprocessing = 0;
		};
/* End PBXResourcesBuildPhase section */

/* Begin PBXSourcesBuildPhase section */
		8BD92EDA18C93BE70026A014 /* Sources */ = {
			isa = PBXSourcesBuildPhase;
			buildActionMask = 2147483647;
			files = (
				94DD18C51C59FE9700F80C62 /* ADTestAppSettings.m in Sources */,
				8BD92EF518C93BE70026A014 /* ADTestAppDelegate.m in Sources */,
				94DD18C61C59FE9700F80C62 /* ADTestInstance.m in Sources */,
				8BD92EEE18C93BE70026A014 /* main.m in Sources */,
				8BD92EFB18C93BE70026A014 /* MyTestMacOSApp.xcdatamodeld in Sources */,
			);
			runOnlyForDeploymentPostprocessing = 0;
		};
		8BD92EFE18C93BE70026A014 /* Sources */ = {
			isa = PBXSourcesBuildPhase;
			buildActionMask = 2147483647;
			files = (
			);
			runOnlyForDeploymentPostprocessing = 0;
		};
/* End PBXSourcesBuildPhase section */

/* Begin PBXTargetDependency section */
		8B6B78FF1D74F04D00AA02E8 /* PBXTargetDependency */ = {
			isa = PBXTargetDependency;
			name = "ADAL Mac";
			targetProxy = 8B6B78FE1D74F04D00AA02E8 /* PBXContainerItemProxy */;
		};
		8BD92F0718C93BE70026A014 /* PBXTargetDependency */ = {
			isa = PBXTargetDependency;
			target = 8BD92EDD18C93BE70026A014 /* MyTestMacOSApp */;
			targetProxy = 8BD92F0618C93BE70026A014 /* PBXContainerItemProxy */;
		};
/* End PBXTargetDependency section */

/* Begin PBXVariantGroup section */
		8BD92EEA18C93BE70026A014 /* InfoPlist.strings */ = {
			isa = PBXVariantGroup;
			children = (
				8BD92EEB18C93BE70026A014 /* en */,
			);
			name = InfoPlist.strings;
			sourceTree = "<group>";
		};
		8BD92EF018C93BE70026A014 /* Credits.rtf */ = {
			isa = PBXVariantGroup;
			children = (
				8BD92EF118C93BE70026A014 /* en */,
			);
			name = Credits.rtf;
			sourceTree = "<group>";
		};
		8BD92EF618C93BE70026A014 /* MainMenu.xib */ = {
			isa = PBXVariantGroup;
			children = (
				8BD92EF718C93BE70026A014 /* Base */,
			);
			name = MainMenu.xib;
			sourceTree = "<group>";
		};
		8BD92F0B18C93BE70026A014 /* InfoPlist.strings */ = {
			isa = PBXVariantGroup;
			children = (
				8BD92F0C18C93BE70026A014 /* en */,
			);
			name = InfoPlist.strings;
			sourceTree = "<group>";
		};
/* End PBXVariantGroup section */

/* Begin XCBuildConfiguration section */
		8BD92F1018C93BE70026A014 /* Debug */ = {
			isa = XCBuildConfiguration;
			buildSettings = {
				ALWAYS_SEARCH_USER_PATHS = NO;
				ARCHS = "$(ARCHS_STANDARD_32_64_BIT)";
				CLANG_CXX_LANGUAGE_STANDARD = "c++0x";
				CLANG_CXX_LIBRARY = "libc++";
				CLANG_WARN_BOOL_CONVERSION = YES;
				CLANG_WARN_CONSTANT_CONVERSION = YES;
				CLANG_WARN_DIRECT_OBJC_ISA_USAGE = YES_ERROR;
				CLANG_WARN_EMPTY_BODY = YES;
				CLANG_WARN_ENUM_CONVERSION = YES;
				CLANG_WARN_INT_CONVERSION = YES;
				CLANG_WARN_OBJC_ROOT_CLASS = YES_ERROR;
				CLANG_WARN__DUPLICATE_METHOD_MATCH = YES;
				COPY_PHASE_STRIP = NO;
				GCC_ENABLE_OBJC_EXCEPTIONS = YES;
				GCC_OPTIMIZATION_LEVEL = 0;
				GCC_PREPROCESSOR_DEFINITIONS = (
					"DEBUG=1",
					"$(inherited)",
				);
				GCC_SYMBOLS_PRIVATE_EXTERN = NO;
				GCC_WARN_64_TO_32_BIT_CONVERSION = YES;
				GCC_WARN_ABOUT_RETURN_TYPE = YES_ERROR;
				GCC_WARN_UNDECLARED_SELECTOR = YES;
				GCC_WARN_UNINITIALIZED_AUTOS = YES;
				GCC_WARN_UNUSED_FUNCTION = YES;
				GCC_WARN_UNUSED_VARIABLE = YES;
				MACOSX_DEPLOYMENT_TARGET = 10.8;
				ONLY_ACTIVE_ARCH = YES;
				SDKROOT = macosx;
			};
			name = Debug;
		};
		8BD92F1118C93BE70026A014 /* Release */ = {
			isa = XCBuildConfiguration;
			buildSettings = {
				ALWAYS_SEARCH_USER_PATHS = NO;
				ARCHS = "$(ARCHS_STANDARD_32_64_BIT)";
				CLANG_CXX_LANGUAGE_STANDARD = "c++0x";
				CLANG_CXX_LIBRARY = "libc++";
				CLANG_WARN_BOOL_CONVERSION = YES;
				CLANG_WARN_CONSTANT_CONVERSION = YES;
				CLANG_WARN_DIRECT_OBJC_ISA_USAGE = YES_ERROR;
				CLANG_WARN_EMPTY_BODY = YES;
				CLANG_WARN_ENUM_CONVERSION = YES;
				CLANG_WARN_INT_CONVERSION = YES;
				CLANG_WARN_OBJC_ROOT_CLASS = YES_ERROR;
				CLANG_WARN__DUPLICATE_METHOD_MATCH = YES;
				COPY_PHASE_STRIP = YES;
				DEBUG_INFORMATION_FORMAT = "dwarf-with-dsym";
				ENABLE_NS_ASSERTIONS = NO;
				GCC_ENABLE_OBJC_EXCEPTIONS = YES;
				GCC_WARN_64_TO_32_BIT_CONVERSION = YES;
				GCC_WARN_ABOUT_RETURN_TYPE = YES_ERROR;
				GCC_WARN_UNDECLARED_SELECTOR = YES;
				GCC_WARN_UNINITIALIZED_AUTOS = YES;
				GCC_WARN_UNUSED_FUNCTION = YES;
				GCC_WARN_UNUSED_VARIABLE = YES;
				MACOSX_DEPLOYMENT_TARGET = 10.8;
				SDKROOT = macosx;
			};
			name = Release;
		};
		8BD92F1318C93BE70026A014 /* Debug */ = {
			isa = XCBuildConfiguration;
			buildSettings = {
				ASSETCATALOG_COMPILER_APPICON_NAME = AppIcon;
				COMBINE_HIDPI_IMAGES = YES;
				GCC_PRECOMPILE_PREFIX_HEADER = YES;
				GCC_PREFIX_HEADER = "MyTestMacOSApp/MyTestMacOSApp-Prefix.pch";
				INFOPLIST_FILE = "MyTestMacOSApp/MyTestMacOSApp-Info.plist";
				LD_RUNPATH_SEARCH_PATHS = "$(inherited) @executable_path/../Frameworks";
				PRODUCT_NAME = "$(TARGET_NAME)";
				WRAPPER_EXTENSION = app;
			};
			name = Debug;
		};
		8BD92F1418C93BE70026A014 /* Release */ = {
			isa = XCBuildConfiguration;
			buildSettings = {
				ASSETCATALOG_COMPILER_APPICON_NAME = AppIcon;
				COMBINE_HIDPI_IMAGES = YES;
				GCC_PRECOMPILE_PREFIX_HEADER = YES;
				GCC_PREFIX_HEADER = "MyTestMacOSApp/MyTestMacOSApp-Prefix.pch";
				INFOPLIST_FILE = "MyTestMacOSApp/MyTestMacOSApp-Info.plist";
				LD_RUNPATH_SEARCH_PATHS = "$(inherited) @executable_path/../Frameworks";
				PRODUCT_NAME = "$(TARGET_NAME)";
				WRAPPER_EXTENSION = app;
			};
			name = Release;
		};
		8BD92F1618C93BE70026A014 /* Debug */ = {
			isa = XCBuildConfiguration;
			buildSettings = {
				BUNDLE_LOADER = "$(BUILT_PRODUCTS_DIR)/MyTestMacOSApp.app/Contents/MacOS/MyTestMacOSApp";
				COMBINE_HIDPI_IMAGES = YES;
				FRAMEWORK_SEARCH_PATHS = (
					"$(DEVELOPER_FRAMEWORKS_DIR)",
					"$(inherited)",
				);
				GCC_PRECOMPILE_PREFIX_HEADER = YES;
				GCC_PREFIX_HEADER = "MyTestMacOSApp/MyTestMacOSApp-Prefix.pch";
				GCC_PREPROCESSOR_DEFINITIONS = (
					"DEBUG=1",
					"$(inherited)",
				);
				INFOPLIST_FILE = "MyTestMacOSAppTests/MyTestMacOSAppTests-Info.plist";
				PRODUCT_NAME = "$(TARGET_NAME)";
				TEST_HOST = "$(BUNDLE_LOADER)";
				WRAPPER_EXTENSION = xctest;
			};
			name = Debug;
		};
		8BD92F1718C93BE70026A014 /* Release */ = {
			isa = XCBuildConfiguration;
			buildSettings = {
				BUNDLE_LOADER = "$(BUILT_PRODUCTS_DIR)/MyTestMacOSApp.app/Contents/MacOS/MyTestMacOSApp";
				COMBINE_HIDPI_IMAGES = YES;
				FRAMEWORK_SEARCH_PATHS = (
					"$(DEVELOPER_FRAMEWORKS_DIR)",
					"$(inherited)",
				);
				GCC_PRECOMPILE_PREFIX_HEADER = YES;
				GCC_PREFIX_HEADER = "MyTestMacOSApp/MyTestMacOSApp-Prefix.pch";
				INFOPLIST_FILE = "MyTestMacOSAppTests/MyTestMacOSAppTests-Info.plist";
				PRODUCT_NAME = "$(TARGET_NAME)";
				TEST_HOST = "$(BUNDLE_LOADER)";
				WRAPPER_EXTENSION = xctest;
			};
			name = Release;
		};
/* End XCBuildConfiguration section */

/* Begin XCConfigurationList section */
		8BD92ED918C93BE70026A014 /* Build configuration list for PBXProject "MyTestMacOSApp" */ = {
			isa = XCConfigurationList;
			buildConfigurations = (
				8BD92F1018C93BE70026A014 /* Debug */,
				8BD92F1118C93BE70026A014 /* Release */,
			);
			defaultConfigurationIsVisible = 0;
			defaultConfigurationName = Release;
		};
		8BD92F1218C93BE70026A014 /* Build configuration list for PBXNativeTarget "MyTestMacOSApp" */ = {
			isa = XCConfigurationList;
			buildConfigurations = (
				8BD92F1318C93BE70026A014 /* Debug */,
				8BD92F1418C93BE70026A014 /* Release */,
			);
			defaultConfigurationIsVisible = 0;
			defaultConfigurationName = Release;
		};
		8BD92F1518C93BE70026A014 /* Build configuration list for PBXNativeTarget "MyTestMacOSAppTests" */ = {
			isa = XCConfigurationList;
			buildConfigurations = (
				8BD92F1618C93BE70026A014 /* Debug */,
				8BD92F1718C93BE70026A014 /* Release */,
			);
			defaultConfigurationIsVisible = 0;
			defaultConfigurationName = Release;
		};
/* End XCConfigurationList section */

/* Begin XCVersionGroup section */
		8BD92EF918C93BE70026A014 /* MyTestMacOSApp.xcdatamodeld */ = {
			isa = XCVersionGroup;
			children = (
				8BD92EFA18C93BE70026A014 /* MyTestMacOSApp.xcdatamodel */,
			);
			currentVersion = 8BD92EFA18C93BE70026A014 /* MyTestMacOSApp.xcdatamodel */;
			path = MyTestMacOSApp.xcdatamodeld;
			sourceTree = "<group>";
			versionGroupType = wrapper.xcdatamodel;
		};
/* End XCVersionGroup section */
	};
	rootObject = 8BD92ED618C93BE70026A014 /* Project object */;
}
