// !$*UTF8*$!
{
	archiveVersion = 1;
	classes = {
	};
	objectVersion = 46;
	objects = {

/* Begin PBXBuildFile section */
		97C943631A0045A8003E1CD9 /* main.m in Sources */ = {isa = PBXBuildFile; fileRef = 97C943621A0045A8003E1CD9 /* main.m */; };
		97C943661A0045A8003E1CD9 /* AppDelegate.m in Sources */ = {isa = PBXBuildFile; fileRef = 97C943651A0045A8003E1CD9 /* AppDelegate.m */; };
		97C943691A0045A8003E1CD9 /* ViewController.m in Sources */ = {isa = PBXBuildFile; fileRef = 97C943681A0045A8003E1CD9 /* ViewController.m */; };
		97C9436C1A0045A8003E1CD9 /* Main.storyboard in Resources */ = {isa = PBXBuildFile; fileRef = 97C9436A1A0045A8003E1CD9 /* Main.storyboard */; };
		97C9436E1A0045A8003E1CD9 /* Images.xcassets in Resources */ = {isa = PBXBuildFile; fileRef = 97C9436D1A0045A8003E1CD9 /* Images.xcassets */; };
		97C943711A0045A8003E1CD9 /* LaunchScreen.xib in Resources */ = {isa = PBXBuildFile; fileRef = 97C9436F1A0045A8003E1CD9 /* LaunchScreen.xib */; };
		97C9437D1A0045A9003E1CD9 /* TestADBrokerShellTests.m in Sources */ = {isa = PBXBuildFile; fileRef = 97C9437C1A0045A9003E1CD9 /* TestADBrokerShellTests.m */; };
/* End PBXBuildFile section */

/* Begin PBXContainerItemProxy section */
		97C943771A0045A9003E1CD9 /* PBXContainerItemProxy */ = {
			isa = PBXContainerItemProxy;
			containerPortal = 97C943551A0045A8003E1CD9 /* Project object */;
			proxyType = 1;
			remoteGlobalIDString = 97C9435C1A0045A8003E1CD9;
			remoteInfo = TestADBrokerShell;
		};
/* End PBXContainerItemProxy section */

/* Begin PBXFileReference section */
		97C9435D1A0045A8003E1CD9 /* ADBrokerShellTestApp.app */ = {isa = PBXFileReference; explicitFileType = wrapper.application; includeInIndex = 0; path = ADBrokerShellTestApp.app; sourceTree = BUILT_PRODUCTS_DIR; };
		97C943611A0045A8003E1CD9 /* Info.plist */ = {isa = PBXFileReference; lastKnownFileType = text.plist.xml; path = Info.plist; sourceTree = "<group>"; };
		97C943621A0045A8003E1CD9 /* main.m */ = {isa = PBXFileReference; lastKnownFileType = sourcecode.c.objc; path = main.m; sourceTree = "<group>"; };
		97C943641A0045A8003E1CD9 /* AppDelegate.h */ = {isa = PBXFileReference; lastKnownFileType = sourcecode.c.h; path = AppDelegate.h; sourceTree = "<group>"; };
		97C943651A0045A8003E1CD9 /* AppDelegate.m */ = {isa = PBXFileReference; lastKnownFileType = sourcecode.c.objc; path = AppDelegate.m; sourceTree = "<group>"; };
		97C943671A0045A8003E1CD9 /* ViewController.h */ = {isa = PBXFileReference; lastKnownFileType = sourcecode.c.h; path = ViewController.h; sourceTree = "<group>"; };
		97C943681A0045A8003E1CD9 /* ViewController.m */ = {isa = PBXFileReference; lastKnownFileType = sourcecode.c.objc; path = ViewController.m; sourceTree = "<group>"; };
		97C9436B1A0045A8003E1CD9 /* Base */ = {isa = PBXFileReference; lastKnownFileType = file.storyboard; name = Base; path = Base.lproj/Main.storyboard; sourceTree = "<group>"; };
		97C9436D1A0045A8003E1CD9 /* Images.xcassets */ = {isa = PBXFileReference; lastKnownFileType = folder.assetcatalog; path = Images.xcassets; sourceTree = "<group>"; };
		97C943701A0045A8003E1CD9 /* Base */ = {isa = PBXFileReference; lastKnownFileType = file.xib; name = Base; path = Base.lproj/LaunchScreen.xib; sourceTree = "<group>"; };
		97C943761A0045A9003E1CD9 /* ADBrokerShellTestAppTests.xctest */ = {isa = PBXFileReference; explicitFileType = wrapper.cfbundle; includeInIndex = 0; path = ADBrokerShellTestAppTests.xctest; sourceTree = BUILT_PRODUCTS_DIR; };
		97C9437B1A0045A9003E1CD9 /* Info.plist */ = {isa = PBXFileReference; lastKnownFileType = text.plist.xml; path = Info.plist; sourceTree = "<group>"; };
		97C9437C1A0045A9003E1CD9 /* TestADBrokerShellTests.m */ = {isa = PBXFileReference; lastKnownFileType = sourcecode.c.objc; path = TestADBrokerShellTests.m; sourceTree = "<group>"; };
		97C943861A0045DD003E1CD9 /* ADBrokerShellTestApp.entitlements */ = {isa = PBXFileReference; lastKnownFileType = text.xml; path = ADBrokerShellTestApp.entitlements; sourceTree = "<group>"; };
/* End PBXFileReference section */

/* Begin PBXFrameworksBuildPhase section */
		97C9435A1A0045A8003E1CD9 /* Frameworks */ = {
			isa = PBXFrameworksBuildPhase;
			buildActionMask = 2147483647;
			files = (
			);
			runOnlyForDeploymentPostprocessing = 0;
		};
		97C943731A0045A9003E1CD9 /* Frameworks */ = {
			isa = PBXFrameworksBuildPhase;
			buildActionMask = 2147483647;
			files = (
			);
			runOnlyForDeploymentPostprocessing = 0;
		};
/* End PBXFrameworksBuildPhase section */

/* Begin PBXGroup section */
		97C943541A0045A8003E1CD9 = {
			isa = PBXGroup;
			children = (
				97C943861A0045DD003E1CD9 /* ADBrokerShellTestApp.entitlements */,
				97C9435F1A0045A8003E1CD9 /* TestADBrokerShell */,
				97C943791A0045A9003E1CD9 /* TestADBrokerShellTests */,
				97C9435E1A0045A8003E1CD9 /* Products */,
			);
			sourceTree = "<group>";
		};
		97C9435E1A0045A8003E1CD9 /* Products */ = {
			isa = PBXGroup;
			children = (
				97C9435D1A0045A8003E1CD9 /* ADBrokerShellTestApp.app */,
				97C943761A0045A9003E1CD9 /* ADBrokerShellTestAppTests.xctest */,
			);
			name = Products;
			sourceTree = "<group>";
		};
		97C9435F1A0045A8003E1CD9 /* TestADBrokerShell */ = {
			isa = PBXGroup;
			children = (
				97C943641A0045A8003E1CD9 /* AppDelegate.h */,
				97C943651A0045A8003E1CD9 /* AppDelegate.m */,
				97C943671A0045A8003E1CD9 /* ViewController.h */,
				97C943681A0045A8003E1CD9 /* ViewController.m */,
				97C9436A1A0045A8003E1CD9 /* Main.storyboard */,
				97C9436D1A0045A8003E1CD9 /* Images.xcassets */,
				97C9436F1A0045A8003E1CD9 /* LaunchScreen.xib */,
				97C943601A0045A8003E1CD9 /* Supporting Files */,
			);
			path = TestADBrokerShell;
			sourceTree = "<group>";
		};
		97C943601A0045A8003E1CD9 /* Supporting Files */ = {
			isa = PBXGroup;
			children = (
				97C943611A0045A8003E1CD9 /* Info.plist */,
				97C943621A0045A8003E1CD9 /* main.m */,
			);
			name = "Supporting Files";
			sourceTree = "<group>";
		};
		97C943791A0045A9003E1CD9 /* TestADBrokerShellTests */ = {
			isa = PBXGroup;
			children = (
				97C9437C1A0045A9003E1CD9 /* TestADBrokerShellTests.m */,
				97C9437A1A0045A9003E1CD9 /* Supporting Files */,
			);
			path = TestADBrokerShellTests;
			sourceTree = "<group>";
		};
		97C9437A1A0045A9003E1CD9 /* Supporting Files */ = {
			isa = PBXGroup;
			children = (
				97C9437B1A0045A9003E1CD9 /* Info.plist */,
			);
			name = "Supporting Files";
			sourceTree = "<group>";
		};
/* End PBXGroup section */

/* Begin PBXNativeTarget section */
		97C9435C1A0045A8003E1CD9 /* ADBrokerShellTestApp */ = {
			isa = PBXNativeTarget;
			buildConfigurationList = 97C943801A0045A9003E1CD9 /* Build configuration list for PBXNativeTarget "ADBrokerShellTestApp" */;
			buildPhases = (
				97C943591A0045A8003E1CD9 /* Sources */,
				97C9435A1A0045A8003E1CD9 /* Frameworks */,
				97C9435B1A0045A8003E1CD9 /* Resources */,
			);
			buildRules = (
			);
			dependencies = (
			);
			name = ADBrokerShellTestApp;
			productName = TestADBrokerShell;
			productReference = 97C9435D1A0045A8003E1CD9 /* ADBrokerShellTestApp.app */;
			productType = "com.apple.product-type.application";
		};
		97C943751A0045A9003E1CD9 /* ADBrokerShellTestAppTests */ = {
			isa = PBXNativeTarget;
			buildConfigurationList = 97C943831A0045A9003E1CD9 /* Build configuration list for PBXNativeTarget "ADBrokerShellTestAppTests" */;
			buildPhases = (
				97C943721A0045A9003E1CD9 /* Sources */,
				97C943731A0045A9003E1CD9 /* Frameworks */,
				97C943741A0045A9003E1CD9 /* Resources */,
			);
			buildRules = (
			);
			dependencies = (
				97C943781A0045A9003E1CD9 /* PBXTargetDependency */,
			);
			name = ADBrokerShellTestAppTests;
			productName = TestADBrokerShellTests;
			productReference = 97C943761A0045A9003E1CD9 /* ADBrokerShellTestAppTests.xctest */;
			productType = "com.apple.product-type.bundle.unit-test";
		};
/* End PBXNativeTarget section */

/* Begin PBXProject section */
		97C943551A0045A8003E1CD9 /* Project object */ = {
			isa = PBXProject;
			attributes = {
				LastUpgradeCheck = 0600;
				ORGANIZATIONNAME = "Microsoft Corp.";
				TargetAttributes = {
					97C9435C1A0045A8003E1CD9 = {
						CreatedOnToolsVersion = 6.0;
						DevelopmentTeam = 4XAC8VP2M2;
						SystemCapabilities = {
							com.apple.Keychain = {
								enabled = 1;
							};
						};
					};
					97C943751A0045A9003E1CD9 = {
						CreatedOnToolsVersion = 6.0;
						TestTargetID = 97C9435C1A0045A8003E1CD9;
					};
				};
			};
			buildConfigurationList = 97C943581A0045A8003E1CD9 /* Build configuration list for PBXProject "ADBrokerShellTestApp" */;
			compatibilityVersion = "Xcode 3.2";
			developmentRegion = English;
			hasScannedForEncodings = 0;
			knownRegions = (
				en,
				Base,
			);
			mainGroup = 97C943541A0045A8003E1CD9;
			productRefGroup = 97C9435E1A0045A8003E1CD9 /* Products */;
			projectDirPath = "";
			projectRoot = "";
			targets = (
				97C9435C1A0045A8003E1CD9 /* ADBrokerShellTestApp */,
				97C943751A0045A9003E1CD9 /* ADBrokerShellTestAppTests */,
			);
		};
/* End PBXProject section */

/* Begin PBXResourcesBuildPhase section */
		97C9435B1A0045A8003E1CD9 /* Resources */ = {
			isa = PBXResourcesBuildPhase;
			buildActionMask = 2147483647;
			files = (
				97C9436C1A0045A8003E1CD9 /* Main.storyboard in Resources */,
				97C943711A0045A8003E1CD9 /* LaunchScreen.xib in Resources */,
				97C9436E1A0045A8003E1CD9 /* Images.xcassets in Resources */,
			);
			runOnlyForDeploymentPostprocessing = 0;
		};
		97C943741A0045A9003E1CD9 /* Resources */ = {
			isa = PBXResourcesBuildPhase;
			buildActionMask = 2147483647;
			files = (
			);
			runOnlyForDeploymentPostprocessing = 0;
		};
/* End PBXResourcesBuildPhase section */

/* Begin PBXSourcesBuildPhase section */
		97C943591A0045A8003E1CD9 /* Sources */ = {
			isa = PBXSourcesBuildPhase;
			buildActionMask = 2147483647;
			files = (
				97C943691A0045A8003E1CD9 /* ViewController.m in Sources */,
				97C943661A0045A8003E1CD9 /* AppDelegate.m in Sources */,
				97C943631A0045A8003E1CD9 /* main.m in Sources */,
			);
			runOnlyForDeploymentPostprocessing = 0;
		};
		97C943721A0045A9003E1CD9 /* Sources */ = {
			isa = PBXSourcesBuildPhase;
			buildActionMask = 2147483647;
			files = (
				97C9437D1A0045A9003E1CD9 /* TestADBrokerShellTests.m in Sources */,
			);
			runOnlyForDeploymentPostprocessing = 0;
		};
/* End PBXSourcesBuildPhase section */

/* Begin PBXTargetDependency section */
		97C943781A0045A9003E1CD9 /* PBXTargetDependency */ = {
			isa = PBXTargetDependency;
			target = 97C9435C1A0045A8003E1CD9 /* ADBrokerShellTestApp */;
			targetProxy = 97C943771A0045A9003E1CD9 /* PBXContainerItemProxy */;
		};
/* End PBXTargetDependency section */

/* Begin PBXVariantGroup section */
		97C9436A1A0045A8003E1CD9 /* Main.storyboard */ = {
			isa = PBXVariantGroup;
			children = (
				97C9436B1A0045A8003E1CD9 /* Base */,
			);
			name = Main.storyboard;
			sourceTree = "<group>";
		};
		97C9436F1A0045A8003E1CD9 /* LaunchScreen.xib */ = {
			isa = PBXVariantGroup;
			children = (
				97C943701A0045A8003E1CD9 /* Base */,
			);
			name = LaunchScreen.xib;
			sourceTree = "<group>";
		};
/* End PBXVariantGroup section */

/* Begin XCBuildConfiguration section */
		97C9437E1A0045A9003E1CD9 /* Debug */ = {
			isa = XCBuildConfiguration;
			buildSettings = {
				ALWAYS_SEARCH_USER_PATHS = NO;
				CLANG_CXX_LANGUAGE_STANDARD = "gnu++0x";
				CLANG_CXX_LIBRARY = "libc++";
				CLANG_ENABLE_MODULES = YES;
				CLANG_ENABLE_OBJC_ARC = YES;
				CLANG_WARN_BOOL_CONVERSION = YES;
				CLANG_WARN_CONSTANT_CONVERSION = YES;
				CLANG_WARN_DIRECT_OBJC_ISA_USAGE = YES_ERROR;
				CLANG_WARN_EMPTY_BODY = YES;
				CLANG_WARN_ENUM_CONVERSION = YES;
				CLANG_WARN_INT_CONVERSION = YES;
				CLANG_WARN_OBJC_ROOT_CLASS = YES_ERROR;
				CLANG_WARN_UNREACHABLE_CODE = YES;
				CLANG_WARN__DUPLICATE_METHOD_MATCH = YES;
				"CODE_SIGN_IDENTITY[sdk=iphoneos*]" = "iPhone Developer";
				COPY_PHASE_STRIP = NO;
				ENABLE_STRICT_OBJC_MSGSEND = YES;
				GCC_C_LANGUAGE_STANDARD = gnu99;
				GCC_DYNAMIC_NO_PIC = NO;
				GCC_OPTIMIZATION_LEVEL = 0;
				GCC_PREPROCESSOR_DEFINITIONS = (
					"DEBUG=1",
					"$(inherited)",
				);
				GCC_SYMBOLS_PRIVATE_EXTERN = NO;
				GCC_WARN_64_TO_32_BIT_CONVERSION = YES;
				GCC_WARN_ABOUT_RETURN_TYPE = YES_ERROR;
				GCC_WARN_UNDECLARED_SELECTOR = YES;
				GCC_WARN_UNINITIALIZED_AUTOS = YES_AGGRESSIVE;
				GCC_WARN_UNUSED_FUNCTION = YES;
				GCC_WARN_UNUSED_VARIABLE = YES;
				IPHONEOS_DEPLOYMENT_TARGET = 8.0;
				MTL_ENABLE_DEBUG_INFO = YES;
				ONLY_ACTIVE_ARCH = YES;
				SDKROOT = iphoneos;
				TARGETED_DEVICE_FAMILY = "1,2";
			};
			name = Debug;
		};
		97C9437F1A0045A9003E1CD9 /* Release */ = {
			isa = XCBuildConfiguration;
			buildSettings = {
				ALWAYS_SEARCH_USER_PATHS = NO;
				CLANG_CXX_LANGUAGE_STANDARD = "gnu++0x";
				CLANG_CXX_LIBRARY = "libc++";
				CLANG_ENABLE_MODULES = YES;
				CLANG_ENABLE_OBJC_ARC = YES;
				CLANG_WARN_BOOL_CONVERSION = YES;
				CLANG_WARN_CONSTANT_CONVERSION = YES;
				CLANG_WARN_DIRECT_OBJC_ISA_USAGE = YES_ERROR;
				CLANG_WARN_EMPTY_BODY = YES;
				CLANG_WARN_ENUM_CONVERSION = YES;
				CLANG_WARN_INT_CONVERSION = YES;
				CLANG_WARN_OBJC_ROOT_CLASS = YES_ERROR;
				CLANG_WARN_UNREACHABLE_CODE = YES;
				CLANG_WARN__DUPLICATE_METHOD_MATCH = YES;
				"CODE_SIGN_IDENTITY[sdk=iphoneos*]" = "iPhone Developer";
				COPY_PHASE_STRIP = YES;
				ENABLE_NS_ASSERTIONS = NO;
				ENABLE_STRICT_OBJC_MSGSEND = YES;
				GCC_C_LANGUAGE_STANDARD = gnu99;
				GCC_WARN_64_TO_32_BIT_CONVERSION = YES;
				GCC_WARN_ABOUT_RETURN_TYPE = YES_ERROR;
				GCC_WARN_UNDECLARED_SELECTOR = YES;
				GCC_WARN_UNINITIALIZED_AUTOS = YES_AGGRESSIVE;
				GCC_WARN_UNUSED_FUNCTION = YES;
				GCC_WARN_UNUSED_VARIABLE = YES;
				IPHONEOS_DEPLOYMENT_TARGET = 8.0;
				MTL_ENABLE_DEBUG_INFO = NO;
				SDKROOT = iphoneos;
				TARGETED_DEVICE_FAMILY = "1,2";
				VALIDATE_PRODUCT = YES;
			};
			name = Release;
		};
		97C943811A0045A9003E1CD9 /* Debug */ = {
			isa = XCBuildConfiguration;
			buildSettings = {
				ASSETCATALOG_COMPILER_APPICON_NAME = AppIcon;
				CODE_SIGN_ENTITLEMENTS = ADBrokerShellTestApp.entitlements;
				CODE_SIGN_IDENTITY = "iPhone Developer";
				"CODE_SIGN_IDENTITY[sdk=iphoneos*]" = "iPhone Developer";
				INFOPLIST_FILE = TestADBrokerShell/Info.plist;
				LD_RUNPATH_SEARCH_PATHS = "$(inherited) @executable_path/Frameworks";
				PRODUCT_NAME = ADBrokerShellTestApp;
				PROVISIONING_PROFILE = "";
			};
			name = Debug;
		};
		97C943821A0045A9003E1CD9 /* Release */ = {
			isa = XCBuildConfiguration;
			buildSettings = {
				ASSETCATALOG_COMPILER_APPICON_NAME = AppIcon;
				CODE_SIGN_ENTITLEMENTS = ADBrokerShellTestApp.entitlements;
				CODE_SIGN_IDENTITY = "iPhone Developer";
				"CODE_SIGN_IDENTITY[sdk=iphoneos*]" = "iPhone Developer";
				INFOPLIST_FILE = TestADBrokerShell/Info.plist;
				LD_RUNPATH_SEARCH_PATHS = "$(inherited) @executable_path/Frameworks";
				PRODUCT_NAME = ADBrokerShellTestApp;
				PROVISIONING_PROFILE = "";
			};
			name = Release;
		};
		97C943841A0045A9003E1CD9 /* Debug */ = {
			isa = XCBuildConfiguration;
			buildSettings = {
				BUNDLE_LOADER = "$(TEST_HOST)";
				FRAMEWORK_SEARCH_PATHS = (
					"$(SDKROOT)/Developer/Library/Frameworks",
					"$(inherited)",
				);
				GCC_PREPROCESSOR_DEFINITIONS = (
					"DEBUG=1",
					"$(inherited)",
				);
				INFOPLIST_FILE = TestADBrokerShellTests/Info.plist;
				LD_RUNPATH_SEARCH_PATHS = "$(inherited) @executable_path/Frameworks @loader_path/Frameworks";
				PRODUCT_NAME = ADBrokerShellTestAppTests;
				TEST_HOST = "$(BUILT_PRODUCTS_DIR)/TestADBrokerShell.app/TestADBrokerShell";
			};
			name = Debug;
		};
		97C943851A0045A9003E1CD9 /* Release */ = {
			isa = XCBuildConfiguration;
			buildSettings = {
				BUNDLE_LOADER = "$(TEST_HOST)";
				FRAMEWORK_SEARCH_PATHS = (
					"$(SDKROOT)/Developer/Library/Frameworks",
					"$(inherited)",
				);
				INFOPLIST_FILE = TestADBrokerShellTests/Info.plist;
				LD_RUNPATH_SEARCH_PATHS = "$(inherited) @executable_path/Frameworks @loader_path/Frameworks";
				PRODUCT_NAME = ADBrokerShellTestAppTests;
				TEST_HOST = "$(BUILT_PRODUCTS_DIR)/TestADBrokerShell.app/TestADBrokerShell";
			};
			name = Release;
		};
/* End XCBuildConfiguration section */

/* Begin XCConfigurationList section */
		97C943581A0045A8003E1CD9 /* Build configuration list for PBXProject "ADBrokerShellTestApp" */ = {
			isa = XCConfigurationList;
			buildConfigurations = (
				97C9437E1A0045A9003E1CD9 /* Debug */,
				97C9437F1A0045A9003E1CD9 /* Release */,
			);
			defaultConfigurationIsVisible = 0;
			defaultConfigurationName = Release;
		};
		97C943801A0045A9003E1CD9 /* Build configuration list for PBXNativeTarget "ADBrokerShellTestApp" */ = {
			isa = XCConfigurationList;
			buildConfigurations = (
				97C943811A0045A9003E1CD9 /* Debug */,
				97C943821A0045A9003E1CD9 /* Release */,
			);
			defaultConfigurationIsVisible = 0;
		};
		97C943831A0045A9003E1CD9 /* Build configuration list for PBXNativeTarget "ADBrokerShellTestAppTests" */ = {
			isa = XCConfigurationList;
			buildConfigurations = (
				97C943841A0045A9003E1CD9 /* Debug */,
				97C943851A0045A9003E1CD9 /* Release */,
			);
			defaultConfigurationIsVisible = 0;
		};
/* End XCConfigurationList section */
	};
	rootObject = 97C943551A0045A8003E1CD9 /* Project object */;
}
