// !$*UTF8*$!
{
	archiveVersion = 1;
	classes = {
	};
	objectVersion = 46;
	objects = {

/* Begin PBXAggregateTarget section */
		8BFEF072182DACE300122C0C /* ADALiOSFramework */ = {
			isa = PBXAggregateTarget;
			buildConfigurationList = 8BFEF073182DACE300122C0C /* Build configuration list for PBXAggregateTarget "ADALiOSFramework" */;
			buildPhases = (
			);
			dependencies = (
				8BFEF079182DAD0000122C0C /* PBXTargetDependency */,
				8BFEF077182DACFA00122C0C /* PBXTargetDependency */,
			);
			name = ADALiOSFramework;
			productName = ADALiOSFramework;
		};
/* End PBXAggregateTarget section */

/* Begin PBXBuildFile section */
		8B0965AE17F25770002BDFB8 /* Foundation.framework in Frameworks */ = {isa = PBXBuildFile; fileRef = 8B0965AD17F25770002BDFB8 /* Foundation.framework */; };
		8B0965B517F25770002BDFB8 /* ADALiOS.m in Sources */ = {isa = PBXBuildFile; fileRef = 8B0965B417F25770002BDFB8 /* ADALiOS.m */; };
		8B0965BC17F25770002BDFB8 /* XCTest.framework in Frameworks */ = {isa = PBXBuildFile; fileRef = 8B0965BB17F25770002BDFB8 /* XCTest.framework */; };
		8B0965BD17F25770002BDFB8 /* Foundation.framework in Frameworks */ = {isa = PBXBuildFile; fileRef = 8B0965AD17F25770002BDFB8 /* Foundation.framework */; };
		8B0965BF17F25770002BDFB8 /* UIKit.framework in Frameworks */ = {isa = PBXBuildFile; fileRef = 8B0965BE17F25770002BDFB8 /* UIKit.framework */; };
		8B0965C217F25770002BDFB8 /* libADALiOS.a in Frameworks */ = {isa = PBXBuildFile; fileRef = 8B0965AA17F25770002BDFB8 /* libADALiOS.a */; };
		8B0965C817F25770002BDFB8 /* InfoPlist.strings in Resources */ = {isa = PBXBuildFile; fileRef = 8B0965C617F25770002BDFB8 /* InfoPlist.strings */; };
		8B0DA7DE182AD01100CF5E1E /* ADAuthenticationResult+Internal.m in Sources */ = {isa = PBXBuildFile; fileRef = 8B0DA7DD182AD01100CF5E1E /* ADAuthenticationResult+Internal.m */; };
		8B3032231861347B00C61E7F /* ADTokenCacheStoreKeyTests.m in Sources */ = {isa = PBXBuildFile; fileRef = 8B3032221861347B00C61E7F /* ADTokenCacheStoreKeyTests.m */; };
		8B34343718330474002DE1DC /* NSDictionaryExtensions.m in Sources */ = {isa = PBXBuildFile; fileRef = 8B34343618330474002DE1DC /* NSDictionaryExtensions.m */; };
		8B34343D183304B1002DE1DC /* NSURLExtensions.m in Sources */ = {isa = PBXBuildFile; fileRef = 8B34343C183304B1002DE1DC /* NSURLExtensions.m */; };
		8B343443183304FE002DE1DC /* HTTPWebRequest.m in Sources */ = {isa = PBXBuildFile; fileRef = 8B343440183304FE002DE1DC /* HTTPWebRequest.m */; };
		8B343444183304FE002DE1DC /* HTTPWebResponse.m in Sources */ = {isa = PBXBuildFile; fileRef = 8B343442183304FE002DE1DC /* HTTPWebResponse.m */; };
		8B3434471833057F002DE1DC /* UIApplicationExtensions.m in Sources */ = {isa = PBXBuildFile; fileRef = 8B3434461833057F002DE1DC /* UIApplicationExtensions.m */; };
		8B34344A18330591002DE1DC /* WebAuthenticationBroker.m in Sources */ = {isa = PBXBuildFile; fileRef = 8B34344918330591002DE1DC /* WebAuthenticationBroker.m */; };
		8B34344F183305A6002DE1DC /* WebAuthenticationViewController.m in Sources */ = {isa = PBXBuildFile; fileRef = 8B34344C183305A6002DE1DC /* WebAuthenticationViewController.m */; };
		8B343450183305A6002DE1DC /* WebAuthenticationWebViewController.m in Sources */ = {isa = PBXBuildFile; fileRef = 8B34344E183305A6002DE1DC /* WebAuthenticationWebViewController.m */; };
		8B59893A180DE00300744AEE /* ADAuthenticationOperation.m in Sources */ = {isa = PBXBuildFile; fileRef = 8B598939180DE00300744AEE /* ADAuthenticationOperation.m */; };
		8B59893B180DE0B000744AEE /* ADAuthenticationOperation.h in Copy Files */ = {isa = PBXBuildFile; fileRef = 8B598938180DE00300744AEE /* ADAuthenticationOperation.h */; };
		8B59893E180DE8A100744AEE /* ADUserInformation.m in Sources */ = {isa = PBXBuildFile; fileRef = 8B59893D180DE8A100744AEE /* ADUserInformation.m */; };
		8B59894A180DF7A900744AEE /* ADUserInformation.h in Copy Files */ = {isa = PBXBuildFile; fileRef = 8B59893C180DE8A100744AEE /* ADUserInformation.h */; };
		8B59894B180DF7AF00744AEE /* ADErrorCodes.h in Copy Files */ = {isa = PBXBuildFile; fileRef = 8B598946180DF6F000744AEE /* ADErrorCodes.h */; };
		8B59894E1810BEAC00744AEE /* ADTokenCacheStoreItem.m in Sources */ = {isa = PBXBuildFile; fileRef = 8B59894D1810BEAC00744AEE /* ADTokenCacheStoreItem.m */; };
		8B5989511811A3DB00744AEE /* ADAuthenticationError.m in Sources */ = {isa = PBXBuildFile; fileRef = 8B5989501811A3DB00744AEE /* ADAuthenticationError.m */; };
		8B5989521811AF7E00744AEE /* ADAuthenticationError.h in Copy Files */ = {isa = PBXBuildFile; fileRef = 8B59894F1811A3DB00744AEE /* ADAuthenticationError.h */; };
		8B5989551811B89800744AEE /* ADTokenCacheStoreKey.m in Sources */ = {isa = PBXBuildFile; fileRef = 8B5989541811B89800744AEE /* ADTokenCacheStoreKey.m */; };
		8B5989591811BFBA00744AEE /* ADTokenCacheStoreKey.h in Copy Files */ = {isa = PBXBuildFile; fileRef = 8B5989531811B89800744AEE /* ADTokenCacheStoreKey.h */; };
		8B59895A1811BFCB00744AEE /* ADTokenCacheStoreItem.h in Copy Files */ = {isa = PBXBuildFile; fileRef = 8B59894C1810BEAC00744AEE /* ADTokenCacheStoreItem.h */; };
		8B59895B1811BFD700744AEE /* ADTokenCacheStoring.h in Copy Files */ = {isa = PBXBuildFile; fileRef = 8B5989561811BEC500744AEE /* ADTokenCacheStoring.h */; };
		8B59895E1811C72400744AEE /* ADDefaultTokenCacheStore.m in Sources */ = {isa = PBXBuildFile; fileRef = 8B59895D1811C72400744AEE /* ADDefaultTokenCacheStore.m */; };
		8B59895F1811F35800744AEE /* ADDefaultTokenCacheStore.h in Copy Files */ = {isa = PBXBuildFile; fileRef = 8B59895C1811C72400744AEE /* ADDefaultTokenCacheStore.h */; };
		8B598961181710FD00744AEE /* ADDefaultTokenCacheStoreTests.m in Sources */ = {isa = PBXBuildFile; fileRef = 8B598960181710FD00744AEE /* ADDefaultTokenCacheStoreTests.m */; };
		8B598963181739AA00744AEE /* ADAuthenticationErrorTests.m in Sources */ = {isa = PBXBuildFile; fileRef = 8B598962181739AA00744AEE /* ADAuthenticationErrorTests.m */; };
		8B6113FE1868C59E007759C2 /* ADTestAuthenticationContext.m in Sources */ = {isa = PBXBuildFile; fileRef = 8B6113FD1868C59E007759C2 /* ADTestAuthenticationContext.m */; };
		8B611401186E517D007759C2 /* ADInstanceDiscovery.m in Sources */ = {isa = PBXBuildFile; fileRef = 8B611400186E517D007759C2 /* ADInstanceDiscovery.m */; };
		8B6114031872127C007759C2 /* ADInstanceDiscoveryTests.m in Sources */ = {isa = PBXBuildFile; fileRef = 8B6114021872127C007759C2 /* ADInstanceDiscoveryTests.m */; };
		8B6114041872347E007759C2 /* ADInstanceDiscovery.h in Copy Files */ = {isa = PBXBuildFile; fileRef = 8B6113FF186E517D007759C2 /* ADInstanceDiscovery.h */; };
		8B6613B518346080008BDD3F /* ADAuthenticationResultTests.m in Sources */ = {isa = PBXBuildFile; fileRef = 8B6613B418346080008BDD3F /* ADAuthenticationResultTests.m */; };
		8B7E6FC81856A1E8000DC3C8 /* ADOAuth2Constants.m in Sources */ = {isa = PBXBuildFile; fileRef = 8B7E6FC71856A1E8000DC3C8 /* ADOAuth2Constants.m */; };
		8B7F1ED0187B580B00EC8844 /* ADTestCoverageEnabler.m in Sources */ = {isa = PBXBuildFile; fileRef = 8B7F1ECF187B580B00EC8844 /* ADTestCoverageEnabler.m */; };
		8B81CE3418188728005CFD65 /* ADTestTokenCacheStore.m in Sources */ = {isa = PBXBuildFile; fileRef = 8B81CE3318188728005CFD65 /* ADTestTokenCacheStore.m */; };
		8B92DB5F1819E6A4004AAB0E /* XCTestCase+TestHelperMethods.m in Sources */ = {isa = PBXBuildFile; fileRef = 8B92DB5E1819E6A4004AAB0E /* XCTestCase+TestHelperMethods.m */; };
		8B92DB671819FA61004AAB0E /* ADTestNSStringHelperMethods.m in Sources */ = {isa = PBXBuildFile; fileRef = 8B92DB661819FA61004AAB0E /* ADTestNSStringHelperMethods.m */; };
		8B92DB6C181ADE44004AAB0E /* NSString+ADHelperMethods.m in Sources */ = {isa = PBXBuildFile; fileRef = 8B92DB6B181ADE44004AAB0E /* NSString+ADHelperMethods.m */; };
		8B92DB6D181ADEF4004AAB0E /* NSString+ADHelperMethods.h in Copy Files */ = {isa = PBXBuildFile; fileRef = 8B92DB6A181ADE44004AAB0E /* NSString+ADHelperMethods.h */; };
		8B92DB70181B2335004AAB0E /* ADLogger.m in Sources */ = {isa = PBXBuildFile; fileRef = 8B92DB6F181B2335004AAB0E /* ADLogger.m */; };
		8B92DB74181C9196004AAB0E /* ADLoggerTests.m in Sources */ = {isa = PBXBuildFile; fileRef = 8B92DB73181C9196004AAB0E /* ADLoggerTests.m */; };
		8BA729B117FE0BDA00CACB46 /* UIKit.framework in Frameworks */ = {isa = PBXBuildFile; fileRef = 8BA729B017FE0BDA00CACB46 /* UIKit.framework */; };
		8BB8345C18074A58007F9F0D /* ADAuthenticationContext.m in Sources */ = {isa = PBXBuildFile; fileRef = 8BB8345B18074A58007F9F0D /* ADAuthenticationContext.m */; };
		8BB8345F18074B74007F9F0D /* ADAuthenticationResult.m in Sources */ = {isa = PBXBuildFile; fileRef = 8BB8345E18074B74007F9F0D /* ADAuthenticationResult.m */; };
		8BB8346218074CFA007F9F0D /* ADAuthenticationParameters.m in Sources */ = {isa = PBXBuildFile; fileRef = 8BB8346118074CFA007F9F0D /* ADAuthenticationParameters.m */; };
		8BB83465180764B6007F9F0D /* ADAuthenticationSettings.m in Sources */ = {isa = PBXBuildFile; fileRef = 8BB83464180764B6007F9F0D /* ADAuthenticationSettings.m */; };
		8BB8346618077F02007F9F0D /* ADAuthenticationContext.h in Copy Files */ = {isa = PBXBuildFile; fileRef = 8BB8345A18074A58007F9F0D /* ADAuthenticationContext.h */; };
		8BB8346718077F0D007F9F0D /* ADAuthenticationResult.h in Copy Files */ = {isa = PBXBuildFile; fileRef = 8BB8345D18074B74007F9F0D /* ADAuthenticationResult.h */; };
		8BB8346818077F15007F9F0D /* ADAuthenticationParameters.h in Copy Files */ = {isa = PBXBuildFile; fileRef = 8BB8346018074CFA007F9F0D /* ADAuthenticationParameters.h */; };
		8BB8346918077F1B007F9F0D /* ADAuthenticationSettings.h in Copy Files */ = {isa = PBXBuildFile; fileRef = 8BB83463180764B6007F9F0D /* ADAuthenticationSettings.h */; };
		8BB8346B1807BE3F007F9F0D /* ADAuthenticationContextTests.m in Sources */ = {isa = PBXBuildFile; fileRef = 8BB8346A1807BE3F007F9F0D /* ADAuthenticationContextTests.m */; };
		8BB8346D1807C5F5007F9F0D /* ADAuthenticationParametersTests.m in Sources */ = {isa = PBXBuildFile; fileRef = 8BB8346C1807C5F5007F9F0D /* ADAuthenticationParametersTests.m */; };
		8BBF678618358544004E0F4D /* ADUserInformationTests.m in Sources */ = {isa = PBXBuildFile; fileRef = 8BBF678518358544004E0F4D /* ADUserInformationTests.m */; };
		8BBF6788183588EC004E0F4D /* ADTokenCacheStoreItemTest.m in Sources */ = {isa = PBXBuildFile; fileRef = 8BBF6787183588EC004E0F4D /* ADTokenCacheStoreItemTest.m */; };
		8BD14619182189C800796E79 /* ADAuthenticationParameters+Internal.m in Sources */ = {isa = PBXBuildFile; fileRef = 8BD14618182189C800796E79 /* ADAuthenticationParameters+Internal.m */; };
		8BFA9B36183C174800B82B36 /* ADDefaultTokenCacheStorePersistance.m in Sources */ = {isa = PBXBuildFile; fileRef = 8BFA9B35183C174800B82B36 /* ADDefaultTokenCacheStorePersistance.m */; };
		8BFA9B37183C4A0300B82B36 /* ADLogger.h in Copy Files */ = {isa = PBXBuildFile; fileRef = 8B92DB6E181B2335004AAB0E /* ADLogger.h */; };
		8BFEF050182D906700122C0C /* IPAL_iPhone_Storyboard.storyboard in Resources */ = {isa = PBXBuildFile; fileRef = 8BFEF04B182D906700122C0C /* IPAL_iPhone_Storyboard.storyboard */; };
		8BFEF051182D906700122C0C /* IPAL_iPad_Storyboard.storyboard in Resources */ = {isa = PBXBuildFile; fileRef = 8BFEF04C182D906700122C0C /* IPAL_iPad_Storyboard.storyboard */; };
		8BFEF07B182DB15E00122C0C /* InfoPlist.strings in Resources */ = {isa = PBXBuildFile; fileRef = 8BFEF066182DA57800122C0C /* InfoPlist.strings */; };
		8BFEF07C182DB15E00122C0C /* IPAL_iPhone_Storyboard.storyboard in Resources */ = {isa = PBXBuildFile; fileRef = 8BFEF04B182D906700122C0C /* IPAL_iPhone_Storyboard.storyboard */; };
		8BFEF07D182DB15E00122C0C /* IPAL_iPad_Storyboard.storyboard in Resources */ = {isa = PBXBuildFile; fileRef = 8BFEF04C182D906700122C0C /* IPAL_iPad_Storyboard.storyboard */; };
/* End PBXBuildFile section */

/* Begin PBXContainerItemProxy section */
		8B0965C017F25770002BDFB8 /* PBXContainerItemProxy */ = {
			isa = PBXContainerItemProxy;
			containerPortal = 8B0965A217F25770002BDFB8 /* Project object */;
			proxyType = 1;
			remoteGlobalIDString = 8B0965A917F25770002BDFB8;
			remoteInfo = ADALiOS;
		};
		8BFEF076182DACFA00122C0C /* PBXContainerItemProxy */ = {
			isa = PBXContainerItemProxy;
			containerPortal = 8B0965A217F25770002BDFB8 /* Project object */;
			proxyType = 1;
			remoteGlobalIDString = 8B0965A917F25770002BDFB8;
			remoteInfo = ADALiOS;
		};
		8BFEF078182DAD0000122C0C /* PBXContainerItemProxy */ = {
			isa = PBXContainerItemProxy;
			containerPortal = 8B0965A217F25770002BDFB8 /* Project object */;
			proxyType = 1;
			remoteGlobalIDString = 8BFEF05B182DA57800122C0C;
			remoteInfo = ADALiOSBundle;
		};
/* End PBXContainerItemProxy section */

/* Begin PBXCopyFilesBuildPhase section */
		8B0965A817F25770002BDFB8 /* Copy Files */ = {
			isa = PBXCopyFilesBuildPhase;
			buildActionMask = 12;
			dstPath = "include/$(PRODUCT_NAME)";
			dstSubfolderSpec = 16;
			files = (
				8B6114041872347E007759C2 /* ADInstanceDiscovery.h in Copy Files */,
				8BFA9B37183C4A0300B82B36 /* ADLogger.h in Copy Files */,
				8B92DB6D181ADEF4004AAB0E /* NSString+ADHelperMethods.h in Copy Files */,
				8B59895F1811F35800744AEE /* ADDefaultTokenCacheStore.h in Copy Files */,
				8B59895B1811BFD700744AEE /* ADTokenCacheStoring.h in Copy Files */,
				8B59895A1811BFCB00744AEE /* ADTokenCacheStoreItem.h in Copy Files */,
				8B5989591811BFBA00744AEE /* ADTokenCacheStoreKey.h in Copy Files */,
				8B5989521811AF7E00744AEE /* ADAuthenticationError.h in Copy Files */,
				8B59894B180DF7AF00744AEE /* ADErrorCodes.h in Copy Files */,
				8B59894A180DF7A900744AEE /* ADUserInformation.h in Copy Files */,
				8B59893B180DE0B000744AEE /* ADAuthenticationOperation.h in Copy Files */,
				8BB8346918077F1B007F9F0D /* ADAuthenticationSettings.h in Copy Files */,
				8BB8346818077F15007F9F0D /* ADAuthenticationParameters.h in Copy Files */,
				8BB8346718077F0D007F9F0D /* ADAuthenticationResult.h in Copy Files */,
				8BB8346618077F02007F9F0D /* ADAuthenticationContext.h in Copy Files */,
			);
			name = "Copy Files";
			runOnlyForDeploymentPostprocessing = 0;
		};
/* End PBXCopyFilesBuildPhase section */

/* Begin PBXFileReference section */
		8B0965AA17F25770002BDFB8 /* libADALiOS.a */ = {isa = PBXFileReference; explicitFileType = archive.ar; includeInIndex = 0; path = libADALiOS.a; sourceTree = BUILT_PRODUCTS_DIR; };
		8B0965AD17F25770002BDFB8 /* Foundation.framework */ = {isa = PBXFileReference; lastKnownFileType = wrapper.framework; name = Foundation.framework; path = System/Library/Frameworks/Foundation.framework; sourceTree = SDKROOT; };
		8B0965B117F25770002BDFB8 /* ADALiOS-Prefix.pch */ = {isa = PBXFileReference; lastKnownFileType = sourcecode.c.h; path = "ADALiOS-Prefix.pch"; sourceTree = "<group>"; };
		8B0965B217F25770002BDFB8 /* ADALiOS.h */ = {isa = PBXFileReference; lastKnownFileType = sourcecode.c.h; path = ADALiOS.h; sourceTree = "<group>"; };
		8B0965B417F25770002BDFB8 /* ADALiOS.m */ = {isa = PBXFileReference; lastKnownFileType = sourcecode.c.objc; path = ADALiOS.m; sourceTree = "<group>"; };
		8B0965BA17F25770002BDFB8 /* ADALiOSTests.xctest */ = {isa = PBXFileReference; explicitFileType = wrapper.cfbundle; includeInIndex = 0; path = ADALiOSTests.xctest; sourceTree = BUILT_PRODUCTS_DIR; };
		8B0965BB17F25770002BDFB8 /* XCTest.framework */ = {isa = PBXFileReference; lastKnownFileType = wrapper.framework; name = XCTest.framework; path = Library/Frameworks/XCTest.framework; sourceTree = DEVELOPER_DIR; };
		8B0965BE17F25770002BDFB8 /* UIKit.framework */ = {isa = PBXFileReference; lastKnownFileType = wrapper.framework; name = UIKit.framework; path = Library/Frameworks/UIKit.framework; sourceTree = DEVELOPER_DIR; };
		8B0965C517F25770002BDFB8 /* ADALiOSTests-Info.plist */ = {isa = PBXFileReference; lastKnownFileType = text.plist.xml; path = "ADALiOSTests-Info.plist"; sourceTree = "<group>"; };
		8B0965C717F25770002BDFB8 /* en */ = {isa = PBXFileReference; lastKnownFileType = text.plist.strings; name = en; path = en.lproj/InfoPlist.strings; sourceTree = "<group>"; };
		8B0DA7DC182AD01100CF5E1E /* ADAuthenticationResult+Internal.h */ = {isa = PBXFileReference; fileEncoding = 4; lastKnownFileType = sourcecode.c.h; path = "ADAuthenticationResult+Internal.h"; sourceTree = "<group>"; };
		8B0DA7DD182AD01100CF5E1E /* ADAuthenticationResult+Internal.m */ = {isa = PBXFileReference; fileEncoding = 4; lastKnownFileType = sourcecode.c.objc; path = "ADAuthenticationResult+Internal.m"; sourceTree = "<group>"; };
		8B3032221861347B00C61E7F /* ADTokenCacheStoreKeyTests.m */ = {isa = PBXFileReference; fileEncoding = 4; lastKnownFileType = sourcecode.c.objc; path = ADTokenCacheStoreKeyTests.m; sourceTree = "<group>"; };
		8B34343518330474002DE1DC /* NSDictionaryExtensions.h */ = {isa = PBXFileReference; fileEncoding = 4; lastKnownFileType = sourcecode.c.h; path = NSDictionaryExtensions.h; sourceTree = "<group>"; };
		8B34343618330474002DE1DC /* NSDictionaryExtensions.m */ = {isa = PBXFileReference; fileEncoding = 4; lastKnownFileType = sourcecode.c.objc; path = NSDictionaryExtensions.m; sourceTree = "<group>"; };
		8B34343B183304B1002DE1DC /* NSURLExtensions.h */ = {isa = PBXFileReference; fileEncoding = 4; lastKnownFileType = sourcecode.c.h; path = NSURLExtensions.h; sourceTree = "<group>"; };
		8B34343C183304B1002DE1DC /* NSURLExtensions.m */ = {isa = PBXFileReference; fileEncoding = 4; lastKnownFileType = sourcecode.c.objc; path = NSURLExtensions.m; sourceTree = "<group>"; };
		8B34343E183304C9002DE1DC /* WebAuthenticationDelegate.h */ = {isa = PBXFileReference; lastKnownFileType = sourcecode.c.h; path = WebAuthenticationDelegate.h; sourceTree = "<group>"; };
		8B34343F183304FE002DE1DC /* HTTPWebRequest.h */ = {isa = PBXFileReference; fileEncoding = 4; lastKnownFileType = sourcecode.c.h; path = HTTPWebRequest.h; sourceTree = "<group>"; };
		8B343440183304FE002DE1DC /* HTTPWebRequest.m */ = {isa = PBXFileReference; fileEncoding = 4; lastKnownFileType = sourcecode.c.objc; path = HTTPWebRequest.m; sourceTree = "<group>"; };
		8B343441183304FE002DE1DC /* HTTPWebResponse.h */ = {isa = PBXFileReference; fileEncoding = 4; lastKnownFileType = sourcecode.c.h; path = HTTPWebResponse.h; sourceTree = "<group>"; };
		8B343442183304FE002DE1DC /* HTTPWebResponse.m */ = {isa = PBXFileReference; fileEncoding = 4; lastKnownFileType = sourcecode.c.objc; path = HTTPWebResponse.m; sourceTree = "<group>"; };
		8B3434451833057F002DE1DC /* UIApplicationExtensions.h */ = {isa = PBXFileReference; fileEncoding = 4; lastKnownFileType = sourcecode.c.h; path = UIApplicationExtensions.h; sourceTree = "<group>"; };
		8B3434461833057F002DE1DC /* UIApplicationExtensions.m */ = {isa = PBXFileReference; fileEncoding = 4; lastKnownFileType = sourcecode.c.objc; path = UIApplicationExtensions.m; sourceTree = "<group>"; };
		8B34344818330591002DE1DC /* WebAuthenticationBroker.h */ = {isa = PBXFileReference; fileEncoding = 4; lastKnownFileType = sourcecode.c.h; path = WebAuthenticationBroker.h; sourceTree = "<group>"; };
		8B34344918330591002DE1DC /* WebAuthenticationBroker.m */ = {isa = PBXFileReference; fileEncoding = 4; lastKnownFileType = sourcecode.c.objc; path = WebAuthenticationBroker.m; sourceTree = "<group>"; };
		8B34344B183305A6002DE1DC /* WebAuthenticationViewController.h */ = {isa = PBXFileReference; fileEncoding = 4; lastKnownFileType = sourcecode.c.h; path = WebAuthenticationViewController.h; sourceTree = "<group>"; };
		8B34344C183305A6002DE1DC /* WebAuthenticationViewController.m */ = {isa = PBXFileReference; fileEncoding = 4; lastKnownFileType = sourcecode.c.objc; path = WebAuthenticationViewController.m; sourceTree = "<group>"; };
		8B34344D183305A6002DE1DC /* WebAuthenticationWebViewController.h */ = {isa = PBXFileReference; fileEncoding = 4; lastKnownFileType = sourcecode.c.h; path = WebAuthenticationWebViewController.h; sourceTree = "<group>"; };
		8B34344E183305A6002DE1DC /* WebAuthenticationWebViewController.m */ = {isa = PBXFileReference; fileEncoding = 4; lastKnownFileType = sourcecode.c.objc; path = WebAuthenticationWebViewController.m; sourceTree = "<group>"; };
		8B598938180DE00300744AEE /* ADAuthenticationOperation.h */ = {isa = PBXFileReference; fileEncoding = 4; lastKnownFileType = sourcecode.c.h; path = ADAuthenticationOperation.h; sourceTree = "<group>"; };
		8B598939180DE00300744AEE /* ADAuthenticationOperation.m */ = {isa = PBXFileReference; fileEncoding = 4; lastKnownFileType = sourcecode.c.objc; path = ADAuthenticationOperation.m; sourceTree = "<group>"; };
		8B59893C180DE8A100744AEE /* ADUserInformation.h */ = {isa = PBXFileReference; fileEncoding = 4; lastKnownFileType = sourcecode.c.h; path = ADUserInformation.h; sourceTree = "<group>"; };
		8B59893D180DE8A100744AEE /* ADUserInformation.m */ = {isa = PBXFileReference; fileEncoding = 4; lastKnownFileType = sourcecode.c.objc; path = ADUserInformation.m; sourceTree = "<group>"; };
		8B598946180DF6F000744AEE /* ADErrorCodes.h */ = {isa = PBXFileReference; fileEncoding = 4; lastKnownFileType = sourcecode.c.h; path = ADErrorCodes.h; sourceTree = "<group>"; };
		8B59894C1810BEAC00744AEE /* ADTokenCacheStoreItem.h */ = {isa = PBXFileReference; fileEncoding = 4; lastKnownFileType = sourcecode.c.h; path = ADTokenCacheStoreItem.h; sourceTree = "<group>"; };
		8B59894D1810BEAC00744AEE /* ADTokenCacheStoreItem.m */ = {isa = PBXFileReference; fileEncoding = 4; lastKnownFileType = sourcecode.c.objc; path = ADTokenCacheStoreItem.m; sourceTree = "<group>"; };
		8B59894F1811A3DB00744AEE /* ADAuthenticationError.h */ = {isa = PBXFileReference; fileEncoding = 4; lastKnownFileType = sourcecode.c.h; path = ADAuthenticationError.h; sourceTree = "<group>"; };
		8B5989501811A3DB00744AEE /* ADAuthenticationError.m */ = {isa = PBXFileReference; fileEncoding = 4; lastKnownFileType = sourcecode.c.objc; path = ADAuthenticationError.m; sourceTree = "<group>"; };
		8B5989531811B89800744AEE /* ADTokenCacheStoreKey.h */ = {isa = PBXFileReference; fileEncoding = 4; lastKnownFileType = sourcecode.c.h; path = ADTokenCacheStoreKey.h; sourceTree = "<group>"; };
		8B5989541811B89800744AEE /* ADTokenCacheStoreKey.m */ = {isa = PBXFileReference; fileEncoding = 4; lastKnownFileType = sourcecode.c.objc; path = ADTokenCacheStoreKey.m; sourceTree = "<group>"; };
		8B5989561811BEC500744AEE /* ADTokenCacheStoring.h */ = {isa = PBXFileReference; fileEncoding = 4; lastKnownFileType = sourcecode.c.h; path = ADTokenCacheStoring.h; sourceTree = "<group>"; };
		8B59895C1811C72400744AEE /* ADDefaultTokenCacheStore.h */ = {isa = PBXFileReference; fileEncoding = 4; lastKnownFileType = sourcecode.c.h; path = ADDefaultTokenCacheStore.h; sourceTree = "<group>"; };
		8B59895D1811C72400744AEE /* ADDefaultTokenCacheStore.m */ = {isa = PBXFileReference; fileEncoding = 4; lastKnownFileType = sourcecode.c.objc; path = ADDefaultTokenCacheStore.m; sourceTree = "<group>"; };
		8B598960181710FD00744AEE /* ADDefaultTokenCacheStoreTests.m */ = {isa = PBXFileReference; fileEncoding = 4; lastKnownFileType = sourcecode.c.objc; path = ADDefaultTokenCacheStoreTests.m; sourceTree = "<group>"; };
		8B598962181739AA00744AEE /* ADAuthenticationErrorTests.m */ = {isa = PBXFileReference; fileEncoding = 4; lastKnownFileType = sourcecode.c.objc; path = ADAuthenticationErrorTests.m; sourceTree = "<group>"; };
		8B6113FC1868C59E007759C2 /* ADTestAuthenticationContext.h */ = {isa = PBXFileReference; fileEncoding = 4; lastKnownFileType = sourcecode.c.h; path = ADTestAuthenticationContext.h; sourceTree = "<group>"; };
		8B6113FD1868C59E007759C2 /* ADTestAuthenticationContext.m */ = {isa = PBXFileReference; fileEncoding = 4; lastKnownFileType = sourcecode.c.objc; path = ADTestAuthenticationContext.m; sourceTree = "<group>"; };
		8B6113FF186E517D007759C2 /* ADInstanceDiscovery.h */ = {isa = PBXFileReference; fileEncoding = 4; lastKnownFileType = sourcecode.c.h; path = ADInstanceDiscovery.h; sourceTree = "<group>"; };
		8B611400186E517D007759C2 /* ADInstanceDiscovery.m */ = {isa = PBXFileReference; fileEncoding = 4; lastKnownFileType = sourcecode.c.objc; path = ADInstanceDiscovery.m; sourceTree = "<group>"; };
		8B6114021872127C007759C2 /* ADInstanceDiscoveryTests.m */ = {isa = PBXFileReference; fileEncoding = 4; lastKnownFileType = sourcecode.c.objc; path = ADInstanceDiscoveryTests.m; sourceTree = "<group>"; };
		8B6613B418346080008BDD3F /* ADAuthenticationResultTests.m */ = {isa = PBXFileReference; fileEncoding = 4; lastKnownFileType = sourcecode.c.objc; path = ADAuthenticationResultTests.m; sourceTree = "<group>"; };
		8B7E6FC61856A1E8000DC3C8 /* ADOAuth2Constants.h */ = {isa = PBXFileReference; fileEncoding = 4; lastKnownFileType = sourcecode.c.h; path = ADOAuth2Constants.h; sourceTree = "<group>"; };
		8B7E6FC71856A1E8000DC3C8 /* ADOAuth2Constants.m */ = {isa = PBXFileReference; fileEncoding = 4; lastKnownFileType = sourcecode.c.objc; path = ADOAuth2Constants.m; sourceTree = "<group>"; };
		8B7F1ECE187B580B00EC8844 /* ADTestCoverageEnabler.h */ = {isa = PBXFileReference; fileEncoding = 4; lastKnownFileType = sourcecode.c.h; path = ADTestCoverageEnabler.h; sourceTree = "<group>"; };
		8B7F1ECF187B580B00EC8844 /* ADTestCoverageEnabler.m */ = {isa = PBXFileReference; fileEncoding = 4; lastKnownFileType = sourcecode.c.objc; path = ADTestCoverageEnabler.m; sourceTree = "<group>"; };
		8B81CE3218188728005CFD65 /* ADTestTokenCacheStore.h */ = {isa = PBXFileReference; fileEncoding = 4; lastKnownFileType = sourcecode.c.h; path = ADTestTokenCacheStore.h; sourceTree = "<group>"; };
		8B81CE3318188728005CFD65 /* ADTestTokenCacheStore.m */ = {isa = PBXFileReference; fileEncoding = 4; lastKnownFileType = sourcecode.c.objc; path = ADTestTokenCacheStore.m; sourceTree = "<group>"; };
		8B92DB5D1819E6A4004AAB0E /* XCTestCase+TestHelperMethods.h */ = {isa = PBXFileReference; fileEncoding = 4; lastKnownFileType = sourcecode.c.h; path = "XCTestCase+TestHelperMethods.h"; sourceTree = "<group>"; };
		8B92DB5E1819E6A4004AAB0E /* XCTestCase+TestHelperMethods.m */ = {isa = PBXFileReference; fileEncoding = 4; lastKnownFileType = sourcecode.c.objc; path = "XCTestCase+TestHelperMethods.m"; sourceTree = "<group>"; };
		8B92DB661819FA61004AAB0E /* ADTestNSStringHelperMethods.m */ = {isa = PBXFileReference; fileEncoding = 4; lastKnownFileType = sourcecode.c.objc; path = ADTestNSStringHelperMethods.m; sourceTree = "<group>"; };
		8B92DB6A181ADE44004AAB0E /* NSString+ADHelperMethods.h */ = {isa = PBXFileReference; fileEncoding = 4; lastKnownFileType = sourcecode.c.h; path = "NSString+ADHelperMethods.h"; sourceTree = "<group>"; };
		8B92DB6B181ADE44004AAB0E /* NSString+ADHelperMethods.m */ = {isa = PBXFileReference; fileEncoding = 4; lastKnownFileType = sourcecode.c.objc; path = "NSString+ADHelperMethods.m"; sourceTree = "<group>"; };
		8B92DB6E181B2335004AAB0E /* ADLogger.h */ = {isa = PBXFileReference; fileEncoding = 4; lastKnownFileType = sourcecode.c.h; path = ADLogger.h; sourceTree = "<group>"; };
		8B92DB6F181B2335004AAB0E /* ADLogger.m */ = {isa = PBXFileReference; fileEncoding = 4; lastKnownFileType = sourcecode.c.objc; path = ADLogger.m; sourceTree = "<group>"; };
		8B92DB73181C9196004AAB0E /* ADLoggerTests.m */ = {isa = PBXFileReference; fileEncoding = 4; lastKnownFileType = sourcecode.c.objc; path = ADLoggerTests.m; sourceTree = "<group>"; };
		8BA729B017FE0BDA00CACB46 /* UIKit.framework */ = {isa = PBXFileReference; lastKnownFileType = wrapper.framework; name = UIKit.framework; path = System/Library/Frameworks/UIKit.framework; sourceTree = SDKROOT; };
		8BB8345A18074A58007F9F0D /* ADAuthenticationContext.h */ = {isa = PBXFileReference; fileEncoding = 4; lastKnownFileType = sourcecode.c.h; path = ADAuthenticationContext.h; sourceTree = "<group>"; };
		8BB8345B18074A58007F9F0D /* ADAuthenticationContext.m */ = {isa = PBXFileReference; fileEncoding = 4; lastKnownFileType = sourcecode.c.objc; path = ADAuthenticationContext.m; sourceTree = "<group>"; };
		8BB8345D18074B74007F9F0D /* ADAuthenticationResult.h */ = {isa = PBXFileReference; fileEncoding = 4; lastKnownFileType = sourcecode.c.h; path = ADAuthenticationResult.h; sourceTree = "<group>"; };
		8BB8345E18074B74007F9F0D /* ADAuthenticationResult.m */ = {isa = PBXFileReference; fileEncoding = 4; lastKnownFileType = sourcecode.c.objc; path = ADAuthenticationResult.m; sourceTree = "<group>"; };
		8BB8346018074CFA007F9F0D /* ADAuthenticationParameters.h */ = {isa = PBXFileReference; fileEncoding = 4; lastKnownFileType = sourcecode.c.h; path = ADAuthenticationParameters.h; sourceTree = "<group>"; };
		8BB8346118074CFA007F9F0D /* ADAuthenticationParameters.m */ = {isa = PBXFileReference; fileEncoding = 4; lastKnownFileType = sourcecode.c.objc; path = ADAuthenticationParameters.m; sourceTree = "<group>"; };
		8BB83463180764B6007F9F0D /* ADAuthenticationSettings.h */ = {isa = PBXFileReference; fileEncoding = 4; lastKnownFileType = sourcecode.c.h; path = ADAuthenticationSettings.h; sourceTree = "<group>"; };
		8BB83464180764B6007F9F0D /* ADAuthenticationSettings.m */ = {isa = PBXFileReference; fileEncoding = 4; lastKnownFileType = sourcecode.c.objc; path = ADAuthenticationSettings.m; sourceTree = "<group>"; };
		8BB8346A1807BE3F007F9F0D /* ADAuthenticationContextTests.m */ = {isa = PBXFileReference; fileEncoding = 4; lastKnownFileType = sourcecode.c.objc; path = ADAuthenticationContextTests.m; sourceTree = "<group>"; };
		8BB8346C1807C5F5007F9F0D /* ADAuthenticationParametersTests.m */ = {isa = PBXFileReference; fileEncoding = 4; lastKnownFileType = sourcecode.c.objc; path = ADAuthenticationParametersTests.m; sourceTree = "<group>"; };
		8BBF678518358544004E0F4D /* ADUserInformationTests.m */ = {isa = PBXFileReference; fileEncoding = 4; lastKnownFileType = sourcecode.c.objc; path = ADUserInformationTests.m; sourceTree = "<group>"; };
		8BBF6787183588EC004E0F4D /* ADTokenCacheStoreItemTest.m */ = {isa = PBXFileReference; fileEncoding = 4; lastKnownFileType = sourcecode.c.objc; path = ADTokenCacheStoreItemTest.m; sourceTree = "<group>"; };
		8BD14617182189C800796E79 /* ADAuthenticationParameters+Internal.h */ = {isa = PBXFileReference; fileEncoding = 4; lastKnownFileType = sourcecode.c.h; path = "ADAuthenticationParameters+Internal.h"; sourceTree = "<group>"; };
		8BD14618182189C800796E79 /* ADAuthenticationParameters+Internal.m */ = {isa = PBXFileReference; fileEncoding = 4; lastKnownFileType = sourcecode.c.objc; path = "ADAuthenticationParameters+Internal.m"; sourceTree = "<group>"; };
		8BFA9B34183C174800B82B36 /* ADDefaultTokenCacheStorePersistance.h */ = {isa = PBXFileReference; fileEncoding = 4; lastKnownFileType = sourcecode.c.h; path = ADDefaultTokenCacheStorePersistance.h; sourceTree = "<group>"; };
		8BFA9B35183C174800B82B36 /* ADDefaultTokenCacheStorePersistance.m */ = {isa = PBXFileReference; fileEncoding = 4; lastKnownFileType = sourcecode.c.objc; path = ADDefaultTokenCacheStorePersistance.m; sourceTree = "<group>"; };
		8BFEF04B182D906700122C0C /* IPAL_iPhone_Storyboard.storyboard */ = {isa = PBXFileReference; fileEncoding = 4; lastKnownFileType = file.storyboard; name = IPAL_iPhone_Storyboard.storyboard; path = ../ADALiOS/IPAL_iPhone_Storyboard.storyboard; sourceTree = "<group>"; };
		8BFEF04C182D906700122C0C /* IPAL_iPad_Storyboard.storyboard */ = {isa = PBXFileReference; fileEncoding = 4; lastKnownFileType = file.storyboard; name = IPAL_iPad_Storyboard.storyboard; path = ../ADALiOS/IPAL_iPad_Storyboard.storyboard; sourceTree = "<group>"; };
		8BFEF05C182DA57800122C0C /* ADALiOSBundle.bundle */ = {isa = PBXFileReference; explicitFileType = wrapper.cfbundle; includeInIndex = 0; path = ADALiOSBundle.bundle; sourceTree = BUILT_PRODUCTS_DIR; };
		8BFEF05D182DA57800122C0C /* Cocoa.framework */ = {isa = PBXFileReference; lastKnownFileType = wrapper.framework; name = Cocoa.framework; path = Library/Frameworks/Cocoa.framework; sourceTree = DEVELOPER_DIR; };
		8BFEF060182DA57800122C0C /* Foundation.framework */ = {isa = PBXFileReference; lastKnownFileType = wrapper.framework; name = Foundation.framework; path = Library/Frameworks/Foundation.framework; sourceTree = SDKROOT; };
		8BFEF061182DA57800122C0C /* CoreData.framework */ = {isa = PBXFileReference; lastKnownFileType = wrapper.framework; name = CoreData.framework; path = Library/Frameworks/CoreData.framework; sourceTree = SDKROOT; };
		8BFEF062182DA57800122C0C /* AppKit.framework */ = {isa = PBXFileReference; lastKnownFileType = wrapper.framework; name = AppKit.framework; path = Library/Frameworks/AppKit.framework; sourceTree = SDKROOT; };
		8BFEF065182DA57800122C0C /* ADALiOSBundle-Info.plist */ = {isa = PBXFileReference; lastKnownFileType = text.plist.xml; path = "ADALiOSBundle-Info.plist"; sourceTree = "<group>"; };
		8BFEF067182DA57800122C0C /* en */ = {isa = PBXFileReference; lastKnownFileType = text.plist.strings; name = en; path = en.lproj/InfoPlist.strings; sourceTree = "<group>"; };
		8BFEF069182DA57800122C0C /* ADALiOSBundle-Prefix.pch */ = {isa = PBXFileReference; lastKnownFileType = sourcecode.c.h; path = "ADALiOSBundle-Prefix.pch"; sourceTree = "<group>"; };
/* End PBXFileReference section */

/* Begin PBXFrameworksBuildPhase section */
		8B0965A717F25770002BDFB8 /* Frameworks */ = {
			isa = PBXFrameworksBuildPhase;
			buildActionMask = 2147483647;
			files = (
				8BA729B117FE0BDA00CACB46 /* UIKit.framework in Frameworks */,
				8B0965AE17F25770002BDFB8 /* Foundation.framework in Frameworks */,
			);
			runOnlyForDeploymentPostprocessing = 0;
		};
		8B0965B717F25770002BDFB8 /* Frameworks */ = {
			isa = PBXFrameworksBuildPhase;
			buildActionMask = 2147483647;
			files = (
				8B0965BC17F25770002BDFB8 /* XCTest.framework in Frameworks */,
				8B0965BF17F25770002BDFB8 /* UIKit.framework in Frameworks */,
				8B0965BD17F25770002BDFB8 /* Foundation.framework in Frameworks */,
				8B0965C217F25770002BDFB8 /* libADALiOS.a in Frameworks */,
			);
			runOnlyForDeploymentPostprocessing = 0;
		};
		8BFEF059182DA57800122C0C /* Frameworks */ = {
			isa = PBXFrameworksBuildPhase;
			buildActionMask = 2147483647;
			files = (
			);
			runOnlyForDeploymentPostprocessing = 0;
		};
/* End PBXFrameworksBuildPhase section */

/* Begin PBXGroup section */
		8B0965A117F25770002BDFB8 = {
			isa = PBXGroup;
			children = (
				8B0965AF17F25770002BDFB8 /* ADALiOS */,
				8B0965C317F25770002BDFB8 /* ADALiOSTests */,
				8BFEF063182DA57800122C0C /* ADALiOSBundle */,
				8B0965AC17F25770002BDFB8 /* Frameworks */,
				8B0965AB17F25770002BDFB8 /* Products */,
			);
			sourceTree = "<group>";
		};
		8B0965AB17F25770002BDFB8 /* Products */ = {
			isa = PBXGroup;
			children = (
				8B0965AA17F25770002BDFB8 /* libADALiOS.a */,
				8B0965BA17F25770002BDFB8 /* ADALiOSTests.xctest */,
				8BFEF05C182DA57800122C0C /* ADALiOSBundle.bundle */,
			);
			name = Products;
			sourceTree = "<group>";
		};
		8B0965AC17F25770002BDFB8 /* Frameworks */ = {
			isa = PBXGroup;
			children = (
				8BA729B017FE0BDA00CACB46 /* UIKit.framework */,
				8B0965AD17F25770002BDFB8 /* Foundation.framework */,
				8B0965BB17F25770002BDFB8 /* XCTest.framework */,
				8B0965BE17F25770002BDFB8 /* UIKit.framework */,
				8BFEF05D182DA57800122C0C /* Cocoa.framework */,
				8BFEF05F182DA57800122C0C /* Other Frameworks */,
			);
			name = Frameworks;
			sourceTree = "<group>";
		};
		8B0965AF17F25770002BDFB8 /* ADALiOS */ = {
			isa = PBXGroup;
			children = (
				8B0965B217F25770002BDFB8 /* ADALiOS.h */,
				8B0965B417F25770002BDFB8 /* ADALiOS.m */,
				8BB8345A18074A58007F9F0D /* ADAuthenticationContext.h */,
				8BB8345B18074A58007F9F0D /* ADAuthenticationContext.m */,
				8B59894F1811A3DB00744AEE /* ADAuthenticationError.h */,
				8B5989501811A3DB00744AEE /* ADAuthenticationError.m */,
				8B598938180DE00300744AEE /* ADAuthenticationOperation.h */,
				8B598939180DE00300744AEE /* ADAuthenticationOperation.m */,
				8BD14617182189C800796E79 /* ADAuthenticationParameters+Internal.h */,
				8BD14618182189C800796E79 /* ADAuthenticationParameters+Internal.m */,
				8BB8346018074CFA007F9F0D /* ADAuthenticationParameters.h */,
				8BB8346118074CFA007F9F0D /* ADAuthenticationParameters.m */,
				8B0DA7DC182AD01100CF5E1E /* ADAuthenticationResult+Internal.h */,
				8B0DA7DD182AD01100CF5E1E /* ADAuthenticationResult+Internal.m */,
				8BB8345D18074B74007F9F0D /* ADAuthenticationResult.h */,
				8BB8345E18074B74007F9F0D /* ADAuthenticationResult.m */,
				8BB83463180764B6007F9F0D /* ADAuthenticationSettings.h */,
				8BB83464180764B6007F9F0D /* ADAuthenticationSettings.m */,
				8B59895C1811C72400744AEE /* ADDefaultTokenCacheStore.h */,
				8B59895D1811C72400744AEE /* ADDefaultTokenCacheStore.m */,
				8BFA9B34183C174800B82B36 /* ADDefaultTokenCacheStorePersistance.h */,
				8BFA9B35183C174800B82B36 /* ADDefaultTokenCacheStorePersistance.m */,
				8B598946180DF6F000744AEE /* ADErrorCodes.h */,
				8B6113FF186E517D007759C2 /* ADInstanceDiscovery.h */,
				8B611400186E517D007759C2 /* ADInstanceDiscovery.m */,
				8B92DB6E181B2335004AAB0E /* ADLogger.h */,
				8B92DB6F181B2335004AAB0E /* ADLogger.m */,
				8B7E6FC61856A1E8000DC3C8 /* ADOAuth2Constants.h */,
				8B7E6FC71856A1E8000DC3C8 /* ADOAuth2Constants.m */,
				8B59894C1810BEAC00744AEE /* ADTokenCacheStoreItem.h */,
				8B59894D1810BEAC00744AEE /* ADTokenCacheStoreItem.m */,
				8B5989531811B89800744AEE /* ADTokenCacheStoreKey.h */,
				8B5989541811B89800744AEE /* ADTokenCacheStoreKey.m */,
				8B5989561811BEC500744AEE /* ADTokenCacheStoring.h */,
				8B59893C180DE8A100744AEE /* ADUserInformation.h */,
				8B59893D180DE8A100744AEE /* ADUserInformation.m */,
				8B2E4207182C098200A38559 /* IPAL */,
				8B92DB6A181ADE44004AAB0E /* NSString+ADHelperMethods.h */,
				8B92DB6B181ADE44004AAB0E /* NSString+ADHelperMethods.m */,
				8B0965B017F25770002BDFB8 /* Supporting Files */,
			);
			path = ADALiOS;
			sourceTree = "<group>";
		};
		8B0965B017F25770002BDFB8 /* Supporting Files */ = {
			isa = PBXGroup;
			children = (
				8B0965B117F25770002BDFB8 /* ADALiOS-Prefix.pch */,
			);
			name = "Supporting Files";
			sourceTree = "<group>";
		};
		8B0965C317F25770002BDFB8 /* ADALiOSTests */ = {
			isa = PBXGroup;
			children = (
				8B6113FC1868C59E007759C2 /* ADTestAuthenticationContext.h */,
				8B6113FD1868C59E007759C2 /* ADTestAuthenticationContext.m */,
				8BB8346A1807BE3F007F9F0D /* ADAuthenticationContextTests.m */,
				8BB8346C1807C5F5007F9F0D /* ADAuthenticationParametersTests.m */,
				8B0965C417F25770002BDFB8 /* Supporting Files */,
				8B598960181710FD00744AEE /* ADDefaultTokenCacheStoreTests.m */,
				8B598962181739AA00744AEE /* ADAuthenticationErrorTests.m */,
				8B81CE3218188728005CFD65 /* ADTestTokenCacheStore.h */,
				8B81CE3318188728005CFD65 /* ADTestTokenCacheStore.m */,
				8B92DB5D1819E6A4004AAB0E /* XCTestCase+TestHelperMethods.h */,
				8B92DB5E1819E6A4004AAB0E /* XCTestCase+TestHelperMethods.m */,
				8B92DB661819FA61004AAB0E /* ADTestNSStringHelperMethods.m */,
				8B92DB73181C9196004AAB0E /* ADLoggerTests.m */,
				8B6613B418346080008BDD3F /* ADAuthenticationResultTests.m */,
				8BBF678518358544004E0F4D /* ADUserInformationTests.m */,
				8BBF6787183588EC004E0F4D /* ADTokenCacheStoreItemTest.m */,
				8B3032221861347B00C61E7F /* ADTokenCacheStoreKeyTests.m */,
				8B6114021872127C007759C2 /* ADInstanceDiscoveryTests.m */,
				8B7F1ECE187B580B00EC8844 /* ADTestCoverageEnabler.h */,
				8B7F1ECF187B580B00EC8844 /* ADTestCoverageEnabler.m */,
			);
			path = ADALiOSTests;
			sourceTree = "<group>";
		};
		8B0965C417F25770002BDFB8 /* Supporting Files */ = {
			isa = PBXGroup;
			children = (
				8B0965C517F25770002BDFB8 /* ADALiOSTests-Info.plist */,
				8B0965C617F25770002BDFB8 /* InfoPlist.strings */,
			);
			name = "Supporting Files";
			sourceTree = "<group>";
		};
		8B2E4207182C098200A38559 /* IPAL */ = {
			isa = PBXGroup;
			children = (
				8B2E422D182C0A2600A38559 /* iOS */,
				8B34343518330474002DE1DC /* NSDictionaryExtensions.h */,
				8B34343618330474002DE1DC /* NSDictionaryExtensions.m */,
				8B34343B183304B1002DE1DC /* NSURLExtensions.h */,
				8B34343C183304B1002DE1DC /* NSURLExtensions.m */,
				8B34343E183304C9002DE1DC /* WebAuthenticationDelegate.h */,
				8B34343F183304FE002DE1DC /* HTTPWebRequest.h */,
				8B343440183304FE002DE1DC /* HTTPWebRequest.m */,
				8B343441183304FE002DE1DC /* HTTPWebResponse.h */,
				8B343442183304FE002DE1DC /* HTTPWebResponse.m */,
			);
			name = IPAL;
			sourceTree = "<group>";
		};
		8B2E422D182C0A2600A38559 /* iOS */ = {
			isa = PBXGroup;
			children = (
				8B3434451833057F002DE1DC /* UIApplicationExtensions.h */,
				8B3434461833057F002DE1DC /* UIApplicationExtensions.m */,
				8B34344818330591002DE1DC /* WebAuthenticationBroker.h */,
				8B34344918330591002DE1DC /* WebAuthenticationBroker.m */,
				8B34344B183305A6002DE1DC /* WebAuthenticationViewController.h */,
				8B34344C183305A6002DE1DC /* WebAuthenticationViewController.m */,
				8B34344D183305A6002DE1DC /* WebAuthenticationWebViewController.h */,
				8B34344E183305A6002DE1DC /* WebAuthenticationWebViewController.m */,
			);
			name = iOS;
			sourceTree = "<group>";
		};
		8BFEF05F182DA57800122C0C /* Other Frameworks */ = {
			isa = PBXGroup;
			children = (
				8BFEF060182DA57800122C0C /* Foundation.framework */,
				8BFEF061182DA57800122C0C /* CoreData.framework */,
				8BFEF062182DA57800122C0C /* AppKit.framework */,
			);
			name = "Other Frameworks";
			sourceTree = "<group>";
		};
		8BFEF063182DA57800122C0C /* ADALiOSBundle */ = {
			isa = PBXGroup;
			children = (
				8BFEF064182DA57800122C0C /* Supporting Files */,
			);
			path = ADALiOSBundle;
			sourceTree = "<group>";
		};
		8BFEF064182DA57800122C0C /* Supporting Files */ = {
			isa = PBXGroup;
			children = (
				8BFEF065182DA57800122C0C /* ADALiOSBundle-Info.plist */,
				8BFEF066182DA57800122C0C /* InfoPlist.strings */,
				8BFEF04B182D906700122C0C /* IPAL_iPhone_Storyboard.storyboard */,
				8BFEF04C182D906700122C0C /* IPAL_iPad_Storyboard.storyboard */,
				8BFEF069182DA57800122C0C /* ADALiOSBundle-Prefix.pch */,
			);
			name = "Supporting Files";
			sourceTree = "<group>";
		};
/* End PBXGroup section */

/* Begin PBXNativeTarget section */
		8B0965A917F25770002BDFB8 /* ADALiOS */ = {
			isa = PBXNativeTarget;
			buildConfigurationList = 8B0965CD17F25770002BDFB8 /* Build configuration list for PBXNativeTarget "ADALiOS" */;
			buildPhases = (
				8B0965A817F25770002BDFB8 /* Copy Files */,
				8B0965A617F25770002BDFB8 /* Sources */,
				8B0965A717F25770002BDFB8 /* Frameworks */,
			);
			buildRules = (
			);
			dependencies = (
			);
			name = ADALiOS;
			productName = ADALiOS;
			productReference = 8B0965AA17F25770002BDFB8 /* libADALiOS.a */;
			productType = "com.apple.product-type.library.static";
		};
		8B0965B917F25770002BDFB8 /* ADALiOSTests */ = {
			isa = PBXNativeTarget;
			buildConfigurationList = 8B0965D017F25770002BDFB8 /* Build configuration list for PBXNativeTarget "ADALiOSTests" */;
			buildPhases = (
				8B0965B617F25770002BDFB8 /* Sources */,
				8B0965B717F25770002BDFB8 /* Frameworks */,
				8B0965B817F25770002BDFB8 /* Resources */,
			);
			buildRules = (
			);
			dependencies = (
				8B0965C117F25770002BDFB8 /* PBXTargetDependency */,
			);
			name = ADALiOSTests;
			productName = ADALiOSTests;
			productReference = 8B0965BA17F25770002BDFB8 /* ADALiOSTests.xctest */;
			productType = "com.apple.product-type.bundle.unit-test";
		};
		8BFEF05B182DA57800122C0C /* ADALiOSBundle */ = {
			isa = PBXNativeTarget;
			buildConfigurationList = 8BFEF06A182DA57900122C0C /* Build configuration list for PBXNativeTarget "ADALiOSBundle" */;
			buildPhases = (
				8BFEF058182DA57800122C0C /* Sources */,
				8BFEF059182DA57800122C0C /* Frameworks */,
				8BFEF05A182DA57800122C0C /* Resources */,
			);
			buildRules = (
			);
			dependencies = (
			);
			name = ADALiOSBundle;
			productName = ADALiOSBundle;
			productReference = 8BFEF05C182DA57800122C0C /* ADALiOSBundle.bundle */;
			productType = "com.apple.product-type.bundle";
		};
/* End PBXNativeTarget section */

/* Begin PBXProject section */
		8B0965A217F25770002BDFB8 /* Project object */ = {
			isa = PBXProject;
			attributes = {
				LastUpgradeCheck = 0500;
				ORGANIZATIONNAME = "MS Open Tech";
			};
			buildConfigurationList = 8B0965A517F25770002BDFB8 /* Build configuration list for PBXProject "ADALiOS" */;
			compatibilityVersion = "Xcode 3.2";
			developmentRegion = English;
			hasScannedForEncodings = 0;
			knownRegions = (
				en,
			);
			mainGroup = 8B0965A117F25770002BDFB8;
			productRefGroup = 8B0965AB17F25770002BDFB8 /* Products */;
			projectDirPath = "";
			projectRoot = "";
			targets = (
				8B0965A917F25770002BDFB8 /* ADALiOS */,
				8B0965B917F25770002BDFB8 /* ADALiOSTests */,
				8BFEF05B182DA57800122C0C /* ADALiOSBundle */,
				8BFEF072182DACE300122C0C /* ADALiOSFramework */,
			);
		};
/* End PBXProject section */

/* Begin PBXResourcesBuildPhase section */
		8B0965B817F25770002BDFB8 /* Resources */ = {
			isa = PBXResourcesBuildPhase;
			buildActionMask = 2147483647;
			files = (
				8BFEF050182D906700122C0C /* IPAL_iPhone_Storyboard.storyboard in Resources */,
				8B0965C817F25770002BDFB8 /* InfoPlist.strings in Resources */,
				8BFEF051182D906700122C0C /* IPAL_iPad_Storyboard.storyboard in Resources */,
			);
			runOnlyForDeploymentPostprocessing = 0;
		};
		8BFEF05A182DA57800122C0C /* Resources */ = {
			isa = PBXResourcesBuildPhase;
			buildActionMask = 2147483647;
			files = (
				8BFEF07B182DB15E00122C0C /* InfoPlist.strings in Resources */,
				8BFEF07C182DB15E00122C0C /* IPAL_iPhone_Storyboard.storyboard in Resources */,
				8BFEF07D182DB15E00122C0C /* IPAL_iPad_Storyboard.storyboard in Resources */,
			);
			runOnlyForDeploymentPostprocessing = 0;
		};
/* End PBXResourcesBuildPhase section */

/* Begin PBXSourcesBuildPhase section */
		8B0965A617F25770002BDFB8 /* Sources */ = {
			isa = PBXSourcesBuildPhase;
			buildActionMask = 2147483647;
			files = (
				8B343450183305A6002DE1DC /* WebAuthenticationWebViewController.m in Sources */,
				8B59895E1811C72400744AEE /* ADDefaultTokenCacheStore.m in Sources */,
				8B7E6FC81856A1E8000DC3C8 /* ADOAuth2Constants.m in Sources */,
				8B343444183304FE002DE1DC /* HTTPWebResponse.m in Sources */,
				8B34344F183305A6002DE1DC /* WebAuthenticationViewController.m in Sources */,
				8B611401186E517D007759C2 /* ADInstanceDiscovery.m in Sources */,
				8B34343718330474002DE1DC /* NSDictionaryExtensions.m in Sources */,
				8B34343D183304B1002DE1DC /* NSURLExtensions.m in Sources */,
				8BB8345C18074A58007F9F0D /* ADAuthenticationContext.m in Sources */,
				8BFA9B36183C174800B82B36 /* ADDefaultTokenCacheStorePersistance.m in Sources */,
				8B343443183304FE002DE1DC /* HTTPWebRequest.m in Sources */,
				8B59893E180DE8A100744AEE /* ADUserInformation.m in Sources */,
				8BB83465180764B6007F9F0D /* ADAuthenticationSettings.m in Sources */,
				8B3434471833057F002DE1DC /* UIApplicationExtensions.m in Sources */,
				8BB8346218074CFA007F9F0D /* ADAuthenticationParameters.m in Sources */,
				8B92DB70181B2335004AAB0E /* ADLogger.m in Sources */,
				8B5989551811B89800744AEE /* ADTokenCacheStoreKey.m in Sources */,
				8B0DA7DE182AD01100CF5E1E /* ADAuthenticationResult+Internal.m in Sources */,
				8B5989511811A3DB00744AEE /* ADAuthenticationError.m in Sources */,
				8B92DB6C181ADE44004AAB0E /* NSString+ADHelperMethods.m in Sources */,
				8B59894E1810BEAC00744AEE /* ADTokenCacheStoreItem.m in Sources */,
				8B34344A18330591002DE1DC /* WebAuthenticationBroker.m in Sources */,
				8B59893A180DE00300744AEE /* ADAuthenticationOperation.m in Sources */,
				8BD14619182189C800796E79 /* ADAuthenticationParameters+Internal.m in Sources */,
				8BB8345F18074B74007F9F0D /* ADAuthenticationResult.m in Sources */,
				8B0965B517F25770002BDFB8 /* ADALiOS.m in Sources */,
			);
			runOnlyForDeploymentPostprocessing = 0;
		};
		8B0965B617F25770002BDFB8 /* Sources */ = {
			isa = PBXSourcesBuildPhase;
			buildActionMask = 2147483647;
			files = (
				8BBF678618358544004E0F4D /* ADUserInformationTests.m in Sources */,
				8BB8346D1807C5F5007F9F0D /* ADAuthenticationParametersTests.m in Sources */,
				8B598963181739AA00744AEE /* ADAuthenticationErrorTests.m in Sources */,
				8B92DB74181C9196004AAB0E /* ADLoggerTests.m in Sources */,
				8B92DB5F1819E6A4004AAB0E /* XCTestCase+TestHelperMethods.m in Sources */,
				8B598961181710FD00744AEE /* ADDefaultTokenCacheStoreTests.m in Sources */,
				8BB8346B1807BE3F007F9F0D /* ADAuthenticationContextTests.m in Sources */,
				8BBF6788183588EC004E0F4D /* ADTokenCacheStoreItemTest.m in Sources */,
				8B6613B518346080008BDD3F /* ADAuthenticationResultTests.m in Sources */,
				8B7F1ED0187B580B00EC8844 /* ADTestCoverageEnabler.m in Sources */,
				8B6113FE1868C59E007759C2 /* ADTestAuthenticationContext.m in Sources */,
				8B3032231861347B00C61E7F /* ADTokenCacheStoreKeyTests.m in Sources */,
				8B81CE3418188728005CFD65 /* ADTestTokenCacheStore.m in Sources */,
				8B6114031872127C007759C2 /* ADInstanceDiscoveryTests.m in Sources */,
				8B92DB671819FA61004AAB0E /* ADTestNSStringHelperMethods.m in Sources */,
			);
			runOnlyForDeploymentPostprocessing = 0;
		};
		8BFEF058182DA57800122C0C /* Sources */ = {
			isa = PBXSourcesBuildPhase;
			buildActionMask = 2147483647;
			files = (
			);
			runOnlyForDeploymentPostprocessing = 0;
		};
/* End PBXSourcesBuildPhase section */

/* Begin PBXTargetDependency section */
		8B0965C117F25770002BDFB8 /* PBXTargetDependency */ = {
			isa = PBXTargetDependency;
			target = 8B0965A917F25770002BDFB8 /* ADALiOS */;
			targetProxy = 8B0965C017F25770002BDFB8 /* PBXContainerItemProxy */;
		};
		8BFEF077182DACFA00122C0C /* PBXTargetDependency */ = {
			isa = PBXTargetDependency;
			target = 8B0965A917F25770002BDFB8 /* ADALiOS */;
			targetProxy = 8BFEF076182DACFA00122C0C /* PBXContainerItemProxy */;
		};
		8BFEF079182DAD0000122C0C /* PBXTargetDependency */ = {
			isa = PBXTargetDependency;
			target = 8BFEF05B182DA57800122C0C /* ADALiOSBundle */;
			targetProxy = 8BFEF078182DAD0000122C0C /* PBXContainerItemProxy */;
		};
/* End PBXTargetDependency section */

/* Begin PBXVariantGroup section */
		8B0965C617F25770002BDFB8 /* InfoPlist.strings */ = {
			isa = PBXVariantGroup;
			children = (
				8B0965C717F25770002BDFB8 /* en */,
			);
			name = InfoPlist.strings;
			sourceTree = "<group>";
		};
		8BFEF066182DA57800122C0C /* InfoPlist.strings */ = {
			isa = PBXVariantGroup;
			children = (
				8BFEF067182DA57800122C0C /* en */,
			);
			name = InfoPlist.strings;
			sourceTree = "<group>";
		};
/* End PBXVariantGroup section */

/* Begin XCBuildConfiguration section */
		8B0965CB17F25770002BDFB8 /* Debug */ = {
			isa = XCBuildConfiguration;
			buildSettings = {
				ALWAYS_SEARCH_USER_PATHS = NO;
				ARCHS = "$(ARCHS_STANDARD_INCLUDING_64_BIT)";
				CLANG_CXX_LANGUAGE_STANDARD = "gnu++0x";
				CLANG_CXX_LIBRARY = "libc++";
				CLANG_ENABLE_MODULES = YES;
				CLANG_ENABLE_OBJC_ARC = YES;
				CLANG_WARN_BOOL_CONVERSION = YES;
				CLANG_WARN_CONSTANT_CONVERSION = YES;
				CLANG_WARN_DIRECT_OBJC_ISA_USAGE = YES_ERROR;
				CLANG_WARN_EMPTY_BODY = YES;
				CLANG_WARN_ENUM_CONVERSION = YES;
				CLANG_WARN_INT_CONVERSION = YES;
				CLANG_WARN_OBJC_ROOT_CLASS = YES_ERROR;
				CLANG_WARN__DUPLICATE_METHOD_MATCH = YES;
				COPY_PHASE_STRIP = NO;
				GCC_C_LANGUAGE_STANDARD = gnu99;
				GCC_DYNAMIC_NO_PIC = NO;
				GCC_OPTIMIZATION_LEVEL = 0;
				GCC_PREPROCESSOR_DEFINITIONS = (
					"DEBUG=1",
					"$(inherited)",
				);
				GCC_SYMBOLS_PRIVATE_EXTERN = NO;
				GCC_WARN_64_TO_32_BIT_CONVERSION = YES;
				GCC_WARN_ABOUT_RETURN_TYPE = YES_ERROR;
				GCC_WARN_UNDECLARED_SELECTOR = YES;
				GCC_WARN_UNINITIALIZED_AUTOS = YES;
				GCC_WARN_UNUSED_FUNCTION = YES;
				GCC_WARN_UNUSED_VARIABLE = YES;
				IPHONEOS_DEPLOYMENT_TARGET = 7.0;
				ONLY_ACTIVE_ARCH = YES;
				SDKROOT = iphoneos;
			};
			name = Debug;
		};
		8B0965CC17F25770002BDFB8 /* Release */ = {
			isa = XCBuildConfiguration;
			buildSettings = {
				ALWAYS_SEARCH_USER_PATHS = NO;
				ARCHS = "$(ARCHS_STANDARD_INCLUDING_64_BIT)";
				CLANG_CXX_LANGUAGE_STANDARD = "gnu++0x";
				CLANG_CXX_LIBRARY = "libc++";
				CLANG_ENABLE_MODULES = YES;
				CLANG_ENABLE_OBJC_ARC = YES;
				CLANG_WARN_BOOL_CONVERSION = YES;
				CLANG_WARN_CONSTANT_CONVERSION = YES;
				CLANG_WARN_DIRECT_OBJC_ISA_USAGE = YES_ERROR;
				CLANG_WARN_EMPTY_BODY = YES;
				CLANG_WARN_ENUM_CONVERSION = YES;
				CLANG_WARN_INT_CONVERSION = YES;
				CLANG_WARN_OBJC_ROOT_CLASS = YES_ERROR;
				CLANG_WARN__DUPLICATE_METHOD_MATCH = YES;
				COPY_PHASE_STRIP = YES;
				ENABLE_NS_ASSERTIONS = NO;
				GCC_C_LANGUAGE_STANDARD = gnu99;
				GCC_WARN_64_TO_32_BIT_CONVERSION = YES;
				GCC_WARN_ABOUT_RETURN_TYPE = YES_ERROR;
				GCC_WARN_UNDECLARED_SELECTOR = YES;
				GCC_WARN_UNINITIALIZED_AUTOS = YES;
				GCC_WARN_UNUSED_FUNCTION = YES;
				GCC_WARN_UNUSED_VARIABLE = YES;
				IPHONEOS_DEPLOYMENT_TARGET = 7.0;
				SDKROOT = iphoneos;
				VALIDATE_PRODUCT = YES;
			};
			name = Release;
		};
		8B0965CE17F25770002BDFB8 /* Debug */ = {
			isa = XCBuildConfiguration;
			buildSettings = {
				DSTROOT = /usr/local/lib;
				GCC_GENERATE_TEST_COVERAGE_FILES = YES;
				GCC_INSTRUMENT_PROGRAM_FLOW_ARCS = YES;
				GCC_PRECOMPILE_PREFIX_HEADER = YES;
				GCC_PREFIX_HEADER = "ADALiOS/ADALiOS-Prefix.pch";
				HEADER_SEARCH_PATHS = (
					"$(inherited)",
					/Applications/Xcode.app/Contents/Developer/Toolchains/XcodeDefault.xctoolchain/usr/include,
				);
				OTHER_LDFLAGS = "-ObjC";
				PRODUCT_NAME = "$(TARGET_NAME)";
				RUN_CLANG_STATIC_ANALYZER = NO;
				SKIP_INSTALL = NO;
				STRIP_INSTALLED_PRODUCT = NO;
				TARGETED_DEVICE_FAMILY = "1,2";
			};
			name = Debug;
		};
		8B0965CF17F25770002BDFB8 /* Release */ = {
			isa = XCBuildConfiguration;
			buildSettings = {
				DSTROOT = /usr/local/lib;
				GCC_INSTRUMENT_PROGRAM_FLOW_ARCS = NO;
				GCC_PRECOMPILE_PREFIX_HEADER = YES;
				GCC_PREFIX_HEADER = "ADALiOS/ADALiOS-Prefix.pch";
				HEADER_SEARCH_PATHS = (
					"$(inherited)",
					/Applications/Xcode.app/Contents/Developer/Toolchains/XcodeDefault.xctoolchain/usr/include,
				);
				ONLY_ACTIVE_ARCH = NO;
				OTHER_LDFLAGS = "-ObjC";
				PRODUCT_NAME = "$(TARGET_NAME)";
				RUN_CLANG_STATIC_ANALYZER = NO;
				SKIP_INSTALL = NO;
				TARGETED_DEVICE_FAMILY = "1,2";
			};
			name = Release;
		};
		8B0965D117F25770002BDFB8 /* Debug */ = {
			isa = XCBuildConfiguration;
			buildSettings = {
				ARCHS = "$(ARCHS_STANDARD_INCLUDING_64_BIT)";
				FRAMEWORK_SEARCH_PATHS = (
					"$(SDKROOT)/Developer/Library/Frameworks",
					"$(inherited)",
					"$(DEVELOPER_FRAMEWORKS_DIR)",
				);
				GCC_GENERATE_TEST_COVERAGE_FILES = YES;
				GCC_INSTRUMENT_PROGRAM_FLOW_ARCS = YES;
				GCC_PRECOMPILE_PREFIX_HEADER = YES;
				GCC_PREFIX_HEADER = "ADALiOS/ADALiOS-Prefix.pch";
				GCC_PREPROCESSOR_DEFINITIONS = (
					"DEBUG=1",
					"$(inherited)",
				);
				INFOPLIST_FILE = "ADALiOSTests/ADALiOSTests-Info.plist";
				OTHER_LDFLAGS = (
					"$(inherited)",
					"-framework",
					XCTest,
					"-ObjC",
				);
				PRODUCT_NAME = "$(TARGET_NAME)";
				WRAPPER_EXTENSION = xctest;
			};
			name = Debug;
		};
		8B0965D217F25770002BDFB8 /* Release */ = {
			isa = XCBuildConfiguration;
			buildSettings = {
				ARCHS = "$(ARCHS_STANDARD_INCLUDING_64_BIT)";
				FRAMEWORK_SEARCH_PATHS = (
					"$(SDKROOT)/Developer/Library/Frameworks",
					"$(inherited)",
					"$(DEVELOPER_FRAMEWORKS_DIR)",
				);
				GCC_PRECOMPILE_PREFIX_HEADER = YES;
				GCC_PREFIX_HEADER = "ADALiOS/ADALiOS-Prefix.pch";
				INFOPLIST_FILE = "ADALiOSTests/ADALiOSTests-Info.plist";
				OTHER_LDFLAGS = (
					"$(inherited)",
					"-framework",
					XCTest,
					"-ObjC",
				);
				PRODUCT_NAME = "$(TARGET_NAME)";
				WRAPPER_EXTENSION = xctest;
			};
			name = Release;
		};
		8BFEF06B182DA57900122C0C /* Debug */ = {
			isa = XCBuildConfiguration;
			buildSettings = {
				COMBINE_HIDPI_IMAGES = YES;
				FRAMEWORK_SEARCH_PATHS = (
					"$(inherited)",
					"$(DEVELOPER_FRAMEWORKS_DIR)",
				);
				GCC_ENABLE_OBJC_EXCEPTIONS = YES;
				GCC_PRECOMPILE_PREFIX_HEADER = YES;
				GCC_PREFIX_HEADER = "ADALiOSBundle/ADALiOSBundle-Prefix.pch";
				GCC_PREPROCESSOR_DEFINITIONS = (
					"DEBUG=1",
					"$(inherited)",
				);
				INFOPLIST_FILE = "ADALiOSBundle/ADALiOSBundle-Info.plist";
				INSTALL_PATH = "$(LOCAL_LIBRARY_DIR)/Bundles";
				PRODUCT_NAME = "$(TARGET_NAME)";
				SDKROOT = iphoneos7.0;
				TARGETED_DEVICE_FAMILY = "1,2";
				WRAPPER_EXTENSION = bundle;
			};
			name = Debug;
		};
		8BFEF06C182DA57900122C0C /* Release */ = {
			isa = XCBuildConfiguration;
			buildSettings = {
				COMBINE_HIDPI_IMAGES = YES;
				DEBUG_INFORMATION_FORMAT = "dwarf-with-dsym";
				FRAMEWORK_SEARCH_PATHS = (
					"$(inherited)",
					"$(DEVELOPER_FRAMEWORKS_DIR)",
				);
				GCC_ENABLE_OBJC_EXCEPTIONS = YES;
				GCC_PRECOMPILE_PREFIX_HEADER = YES;
				GCC_PREFIX_HEADER = "ADALiOSBundle/ADALiOSBundle-Prefix.pch";
				INFOPLIST_FILE = "ADALiOSBundle/ADALiOSBundle-Info.plist";
				INSTALL_PATH = "$(LOCAL_LIBRARY_DIR)/Bundles";
				PRODUCT_NAME = "$(TARGET_NAME)";
				SDKROOT = iphoneos7.0;
				TARGETED_DEVICE_FAMILY = "1,2";
				WRAPPER_EXTENSION = bundle;
			};
			name = Release;
		};
		8BFEF074182DACE300122C0C /* Debug */ = {
			isa = XCBuildConfiguration;
			buildSettings = {
				PRODUCT_NAME = "$(TARGET_NAME)";
			};
			name = Debug;
		};
		8BFEF075182DACE300122C0C /* Release */ = {
			isa = XCBuildConfiguration;
			buildSettings = {
				PRODUCT_NAME = "$(TARGET_NAME)";
			};
			name = Release;
		};
/* End XCBuildConfiguration section */

/* Begin XCConfigurationList section */
		8B0965A517F25770002BDFB8 /* Build configuration list for PBXProject "ADALiOS" */ = {
			isa = XCConfigurationList;
			buildConfigurations = (
				8B0965CB17F25770002BDFB8 /* Debug */,
				8B0965CC17F25770002BDFB8 /* Release */,
			);
			defaultConfigurationIsVisible = 0;
			defaultConfigurationName = Release;
		};
		8B0965CD17F25770002BDFB8 /* Build configuration list for PBXNativeTarget "ADALiOS" */ = {
			isa = XCConfigurationList;
			buildConfigurations = (
				8B0965CE17F25770002BDFB8 /* Debug */,
				8B0965CF17F25770002BDFB8 /* Release */,
			);
			defaultConfigurationIsVisible = 0;
			defaultConfigurationName = Release;
		};
		8B0965D017F25770002BDFB8 /* Build configuration list for PBXNativeTarget "ADALiOSTests" */ = {
			isa = XCConfigurationList;
			buildConfigurations = (
				8B0965D117F25770002BDFB8 /* Debug */,
				8B0965D217F25770002BDFB8 /* Release */,
			);
			defaultConfigurationIsVisible = 0;
			defaultConfigurationName = Release;
		};
		8BFEF06A182DA57900122C0C /* Build configuration list for PBXNativeTarget "ADALiOSBundle" */ = {
			isa = XCConfigurationList;
			buildConfigurations = (
				8BFEF06B182DA57900122C0C /* Debug */,
				8BFEF06C182DA57900122C0C /* Release */,
			);
			defaultConfigurationIsVisible = 0;
			defaultConfigurationName = Release;
		};
		8BFEF073182DACE300122C0C /* Build configuration list for PBXAggregateTarget "ADALiOSFramework" */ = {
			isa = XCConfigurationList;
			buildConfigurations = (
				8BFEF074182DACE300122C0C /* Debug */,
				8BFEF075182DACE300122C0C /* Release */,
			);
			defaultConfigurationIsVisible = 0;
			defaultConfigurationName = Release;
		};
/* End XCConfigurationList section */
	};
	rootObject = 8B0965A217F25770002BDFB8 /* Project object */;
}
